
Microsoft Visual Studio Solution File, Format Version 12.00
# Visual Studio 11
Project("{656346D9-4656-40DA-A068-22D5425D4639}") = "RemObjects.Sugar.Echoes", "RemObjects.Sugar.Echoes.oxygene", "{79301A0C-1F95-4FB0-9605-207E288C6171}"
EndProject
Project("{656346D9-4656-40DA-A068-22D5425D4639}") = "RemObjects.Sugar.Cooper", "RemObjects.Sugar.Cooper.oxygene", "{66532AC5-5746-43EF-B04E-55CE0A715A7E}"
EndProject
Global
	GlobalSection(SolutionConfigurationPlatforms) = preSolution
		Debug|Mixed Platforms = Debug|Mixed Platforms
		Release|Mixed Platforms = Release|Mixed Platforms
	EndGlobalSection
	GlobalSection(ProjectConfigurationPlatforms) = postSolution
		{66532AC5-5746-43EF-B04E-55CE0A715A7E}.Debug|Mixed Platforms.ActiveCfg = Debug
		{66532AC5-5746-43EF-B04E-55CE0A715A7E}.Debug|Mixed Platforms.Build.0 = Debug
		{66532AC5-5746-43EF-B04E-55CE0A715A7E}.Release|Mixed Platforms.ActiveCfg = Release
		{66532AC5-5746-43EF-B04E-55CE0A715A7E}.Release|Mixed Platforms.Build.0 = Release
		{79301A0C-1F95-4FB0-9605-207E288C6171}.Debug|Mixed Platforms.ActiveCfg = Debug
		{79301A0C-1F95-4FB0-9605-207E288C6171}.Debug|Mixed Platforms.Build.0 = Debug
		{79301A0C-1F95-4FB0-9605-207E288C6171}.Release|Mixed Platforms.ActiveCfg = Release
		{79301A0C-1F95-4FB0-9605-207E288C6171}.Release|Mixed Platforms.Build.0 = Release
	EndGlobalSection
	GlobalSection(SolutionProperties) = preSolution
		HideSolutionNode = FALSE
	EndGlobalSection
EndGlobal
