
Microsoft Visual Studio Solution File, Format Version 12.00
# Visual Studio 11
Project("{656346D9-4656-40DA-A068-22D5425D4639}") = "RemObjects.Sugar.Echoes", "RemObjects.Sugar.Echoes.oxygene", "{79301A0C-1F95-4FB0-9605-207E288C6171}"
EndProject
Project("{656346D9-4656-40DA-A068-22D5425D4639}") = "RemObjects.Sugar.Cooper", "RemObjects.Sugar.Cooper.oxygene", "{1622BB7D-8218-459A-8B7D-C48C399CED5C}"
EndProject
Project("{656346D9-4656-40DA-A068-22D5425D4639}") = "RemObjects.Sugar.Nougat", "RemObjects.Sugar.Nougat.oxygene", "{AB7AB88B-2370-43BF-844B-54D015DA9E57}"
EndProject
Global
	GlobalSection(SolutionConfigurationPlatforms) = preSolution
		Debug|Mixed Platforms = Debug|Mixed Platforms
		Release|Mixed Platforms = Release|Mixed Platforms
	EndGlobalSection
	GlobalSection(ProjectConfigurationPlatforms) = postSolution
		{1622BB7D-8218-459A-8B7D-C48C399CED5C}.Debug|Mixed Platforms.ActiveCfg = Debug
		{1622BB7D-8218-459A-8B7D-C48C399CED5C}.Debug|Mixed Platforms.Build.0 = Debug
		{1622BB7D-8218-459A-8B7D-C48C399CED5C}.Release|Mixed Platforms.ActiveCfg = Release
		{1622BB7D-8218-459A-8B7D-C48C399CED5C}.Release|Mixed Platforms.Build.0 = Release
		{79301A0C-1F95-4FB0-9605-207E288C6171}.Debug|Mixed Platforms.ActiveCfg = Debug
		{79301A0C-1F95-4FB0-9605-207E288C6171}.Debug|Mixed Platforms.Build.0 = Debug
		{79301A0C-1F95-4FB0-9605-207E288C6171}.Release|Mixed Platforms.ActiveCfg = Release
		{79301A0C-1F95-4FB0-9605-207E288C6171}.Release|Mixed Platforms.Build.0 = Release
		{AB7AB88B-2370-43BF-844B-54D015DA9E57}.Debug|Mixed Platforms.ActiveCfg = Debug
		{AB7AB88B-2370-43BF-844B-54D015DA9E57}.Debug|Mixed Platforms.Build.0 = Debug
		{AB7AB88B-2370-43BF-844B-54D015DA9E57}.Release|Mixed Platforms.ActiveCfg = Release
		{AB7AB88B-2370-43BF-844B-54D015DA9E57}.Release|Mixed Platforms.Build.0 = Release
	EndGlobalSection
	GlobalSection(SolutionProperties) = preSolution
		HideSolutionNode = FALSE
	EndGlobalSection
EndGlobal
