Microsoft Visual Studio Solution File, Format Version 12.00
# Visual Studio 2013
Project("{656346D9-4656-40DA-A068-22D5425D4639}") = "Sugar.Cooper.TestFramework", "Sugar.TestFramework\Sugar.Cooper.TestFramework.oxygene", "{DBA17CA8-59BC-4544-A0F5-C632737D5AA0}"
EndProject
Project("{656346D9-4656-40DA-A068-22D5425D4639}") = "Sugar.Echoes.TestFramework", "Sugar.TestFramework\Sugar.Echoes.TestFramework.oxygene", "{532C6E08-1256-4168-8973-08C9D3D7B239}"
EndProject
Project("{656346D9-4656-40DA-A068-22D5425D4639}") = "Sugar.Nougat.OSX.TestFramework", "Sugar.TestFramework\Sugar.Nougat.OSX.TestFramework.oxygene", "{1D894B7C-0117-4154-A1F2-FD22691F0F13}"
EndProject
Project("{656346D9-4656-40DA-A068-22D5425D4639}") = "Sugar.Nougat.iOS.TestFramework", "Sugar.TestFramework\Sugar.Nougat.iOS.TestFramework.oxygene", "{E132A412-2431-41C6-9D98-63F942A32B8E}"
EndProject
Project("{656346D9-4656-40DA-A068-22D5425D4639}") = "Sugar.Android.TestFramework", "Sugar.TestFramework\Sugar.Android.TestFramework.oxygene", "{D4C017D4-E773-4138-872D-72ADAE69DA3D}"
EndProject
Project("{656346D9-4656-40DA-A068-22D5425D4639}") = "Sugar.Echoes.WP8.TestFramework", "Sugar.TestFramework\Sugar.Echoes.WP8.TestFramework.oxygene", "{23F34F6E-C862-4F52-8C06-A63CAFF070A7}"
EndProject
Project("{656346D9-4656-40DA-A068-22D5425D4639}") = "Sugar.Echoes.Test", "Sugar.Tests\Sugar.Echoes.Test.oxygene", "{9F930A22-BE43-4D5A-83F6-4AFC91282E23}"
EndProject
Project("{656346D9-4656-40DA-A068-22D5425D4639}") = "Sugar.Cooper.Android.Test", "Sugar.Tests\Sugar.Cooper.Android.Test.oxygene", "{FCF05218-9631-4C24-A6B7-8C78434CAD94}"
EndProject
Project("{656346D9-4656-40DA-A068-22D5425D4639}") = "Sugar.Nougat.iOS.Test", "Sugar.Tests\Sugar.Nougat.iOS.Test.oxygene", "{E8CDF7D0-43B8-48F4-A06D-37748B1FA463}"
EndProject
Project("{656346D9-4656-40DA-A068-22D5425D4639}") = "Sugar.Nougat.OSX.Test", "Sugar.Tests\Sugar.Nougat.OSX.Test.oxygene", "{E05279DE-3031-4A1D-8C31-FF14BA511F66}"
EndProject
Project("{656346D9-4656-40DA-A068-22D5425D4639}") = "Sugar.Echoes.WinRT.Test", "Sugar.Tests\Sugar.Echoes.WinRT.Test.oxygene", "{90B9F375-6C66-4316-81D7-7E549C959B30}"
EndProject
Project("{656346D9-4656-40DA-A068-22D5425D4639}") = "Sugar.Echoes.WP8.Test", "Sugar.Tests\Main\WP8\Sugar.Echoes.WP8.Test.oxygene", "{EF1654E8-F2E2-43A2-888A-EB1CB177F75A}"
EndProject
Project("{656346D9-4656-40DA-A068-22D5425D4639}") = "Sugar.Cooper.Test", "Sugar.Tests\Sugar.Cooper.Test.oxygene", "{D6D563F4-0983-4AB5-B167-3E684B6080B2}"
EndProject
Global
	GlobalSection(SolutionConfigurationPlatforms) = preSolution
		Debug|AnyCPU = Debug|AnyCPU
		Debug|ARM = Debug|ARM
		Debug|Mixed Platforms = Debug|Mixed Platforms
		Debug|x64 = Debug|x64
		Debug|x86 = Debug|x86
		Release|AnyCPU = Release|AnyCPU
		Release|ARM = Release|ARM
		Release|Mixed Platforms = Release|Mixed Platforms
		Release|x64 = Release|x64
		Release|x86 = Release|x86
	EndGlobalSection
	GlobalSection(ProjectConfigurationPlatforms) = postSolution
		{DBA17CA8-59BC-4544-A0F5-C632737D5AA0}.Debug|AnyCPU.ActiveCfg = Debug
		{DBA17CA8-59BC-4544-A0F5-C632737D5AA0}.Debug|AnyCPU.Build.0 = Debug
		{DBA17CA8-59BC-4544-A0F5-C632737D5AA0}.Debug|ARM.ActiveCfg = Debug
		{DBA17CA8-59BC-4544-A0F5-C632737D5AA0}.Debug|ARM.Build.0 = Debug
		{DBA17CA8-59BC-4544-A0F5-C632737D5AA0}.Debug|Mixed Platforms.ActiveCfg = Debug
		{DBA17CA8-59BC-4544-A0F5-C632737D5AA0}.Debug|Mixed Platforms.Build.0 = Debug
		{DBA17CA8-59BC-4544-A0F5-C632737D5AA0}.Debug|x64.ActiveCfg = Debug
		{DBA17CA8-59BC-4544-A0F5-C632737D5AA0}.Debug|x64.Build.0 = Debug
		{DBA17CA8-59BC-4544-A0F5-C632737D5AA0}.Debug|x86.ActiveCfg = Debug
		{DBA17CA8-59BC-4544-A0F5-C632737D5AA0}.Debug|x86.Build.0 = Debug
		{DBA17CA8-59BC-4544-A0F5-C632737D5AA0}.Release|AnyCPU.ActiveCfg = Release
		{DBA17CA8-59BC-4544-A0F5-C632737D5AA0}.Release|AnyCPU.Build.0 = Release
		{DBA17CA8-59BC-4544-A0F5-C632737D5AA0}.Release|ARM.ActiveCfg = Release
		{DBA17CA8-59BC-4544-A0F5-C632737D5AA0}.Release|ARM.Build.0 = Release
		{DBA17CA8-59BC-4544-A0F5-C632737D5AA0}.Release|Mixed Platforms.ActiveCfg = Release
		{DBA17CA8-59BC-4544-A0F5-C632737D5AA0}.Release|Mixed Platforms.Build.0 = Release
		{DBA17CA8-59BC-4544-A0F5-C632737D5AA0}.Release|x64.ActiveCfg = Release
		{DBA17CA8-59BC-4544-A0F5-C632737D5AA0}.Release|x64.Build.0 = Release
		{DBA17CA8-59BC-4544-A0F5-C632737D5AA0}.Release|x86.ActiveCfg = Release
		{DBA17CA8-59BC-4544-A0F5-C632737D5AA0}.Release|x86.Build.0 = Release
		{532C6E08-1256-4168-8973-08C9D3D7B239}.Debug|AnyCPU.ActiveCfg = Debug
		{532C6E08-1256-4168-8973-08C9D3D7B239}.Debug|AnyCPU.Build.0 = Debug
		{532C6E08-1256-4168-8973-08C9D3D7B239}.Debug|ARM.ActiveCfg = Debug
		{532C6E08-1256-4168-8973-08C9D3D7B239}.Debug|ARM.Build.0 = Debug
		{532C6E08-1256-4168-8973-08C9D3D7B239}.Debug|Mixed Platforms.ActiveCfg = Debug
		{532C6E08-1256-4168-8973-08C9D3D7B239}.Debug|Mixed Platforms.Build.0 = Debug
		{532C6E08-1256-4168-8973-08C9D3D7B239}.Debug|x64.ActiveCfg = Debug
		{532C6E08-1256-4168-8973-08C9D3D7B239}.Debug|x64.Build.0 = Debug
		{532C6E08-1256-4168-8973-08C9D3D7B239}.Debug|x86.ActiveCfg = Debug
		{532C6E08-1256-4168-8973-08C9D3D7B239}.Debug|x86.Build.0 = Debug
		{532C6E08-1256-4168-8973-08C9D3D7B239}.Release|AnyCPU.ActiveCfg = Release
		{532C6E08-1256-4168-8973-08C9D3D7B239}.Release|AnyCPU.Build.0 = Release
		{532C6E08-1256-4168-8973-08C9D3D7B239}.Release|ARM.ActiveCfg = Release
		{532C6E08-1256-4168-8973-08C9D3D7B239}.Release|ARM.Build.0 = Release
		{532C6E08-1256-4168-8973-08C9D3D7B239}.Release|Mixed Platforms.ActiveCfg = Release
		{532C6E08-1256-4168-8973-08C9D3D7B239}.Release|Mixed Platforms.Build.0 = Release
		{532C6E08-1256-4168-8973-08C9D3D7B239}.Release|x64.ActiveCfg = Release
		{532C6E08-1256-4168-8973-08C9D3D7B239}.Release|x64.Build.0 = Release
		{532C6E08-1256-4168-8973-08C9D3D7B239}.Release|x86.ActiveCfg = Release
		{532C6E08-1256-4168-8973-08C9D3D7B239}.Release|x86.Build.0 = Release
		{1D894B7C-0117-4154-A1F2-FD22691F0F13}.Debug|AnyCPU.ActiveCfg = Debug
		{1D894B7C-0117-4154-A1F2-FD22691F0F13}.Debug|AnyCPU.Build.0 = Debug
		{1D894B7C-0117-4154-A1F2-FD22691F0F13}.Debug|ARM.ActiveCfg = Debug
		{1D894B7C-0117-4154-A1F2-FD22691F0F13}.Debug|ARM.Build.0 = Debug
		{1D894B7C-0117-4154-A1F2-FD22691F0F13}.Debug|Mixed Platforms.ActiveCfg = Debug
		{1D894B7C-0117-4154-A1F2-FD22691F0F13}.Debug|Mixed Platforms.Build.0 = Debug
		{1D894B7C-0117-4154-A1F2-FD22691F0F13}.Debug|x64.ActiveCfg = Debug
		{1D894B7C-0117-4154-A1F2-FD22691F0F13}.Debug|x64.Build.0 = Debug
		{1D894B7C-0117-4154-A1F2-FD22691F0F13}.Debug|x86.ActiveCfg = Debug
		{1D894B7C-0117-4154-A1F2-FD22691F0F13}.Debug|x86.Build.0 = Debug
		{1D894B7C-0117-4154-A1F2-FD22691F0F13}.Release|AnyCPU.ActiveCfg = Release
		{1D894B7C-0117-4154-A1F2-FD22691F0F13}.Release|AnyCPU.Build.0 = Release
		{1D894B7C-0117-4154-A1F2-FD22691F0F13}.Release|ARM.ActiveCfg = Release
		{1D894B7C-0117-4154-A1F2-FD22691F0F13}.Release|ARM.Build.0 = Release
		{1D894B7C-0117-4154-A1F2-FD22691F0F13}.Release|Mixed Platforms.ActiveCfg = Release
		{1D894B7C-0117-4154-A1F2-FD22691F0F13}.Release|Mixed Platforms.Build.0 = Release
		{1D894B7C-0117-4154-A1F2-FD22691F0F13}.Release|x64.ActiveCfg = Release
		{1D894B7C-0117-4154-A1F2-FD22691F0F13}.Release|x64.Build.0 = Release
		{1D894B7C-0117-4154-A1F2-FD22691F0F13}.Release|x86.ActiveCfg = Release
		{1D894B7C-0117-4154-A1F2-FD22691F0F13}.Release|x86.Build.0 = Release
		{E132A412-2431-41C6-9D98-63F942A32B8E}.Debug|AnyCPU.ActiveCfg = Debug
		{E132A412-2431-41C6-9D98-63F942A32B8E}.Debug|AnyCPU.Build.0 = Debug
		{E132A412-2431-41C6-9D98-63F942A32B8E}.Debug|ARM.ActiveCfg = Debug
		{E132A412-2431-41C6-9D98-63F942A32B8E}.Debug|ARM.Build.0 = Debug
		{E132A412-2431-41C6-9D98-63F942A32B8E}.Debug|Mixed Platforms.ActiveCfg = Debug
		{E132A412-2431-41C6-9D98-63F942A32B8E}.Debug|Mixed Platforms.Build.0 = Debug
		{E132A412-2431-41C6-9D98-63F942A32B8E}.Debug|x64.ActiveCfg = Debug
		{E132A412-2431-41C6-9D98-63F942A32B8E}.Debug|x64.Build.0 = Debug
		{E132A412-2431-41C6-9D98-63F942A32B8E}.Debug|x86.ActiveCfg = Debug
		{E132A412-2431-41C6-9D98-63F942A32B8E}.Debug|x86.Build.0 = Debug
		{E132A412-2431-41C6-9D98-63F942A32B8E}.Release|AnyCPU.ActiveCfg = Release
		{E132A412-2431-41C6-9D98-63F942A32B8E}.Release|AnyCPU.Build.0 = Release
		{E132A412-2431-41C6-9D98-63F942A32B8E}.Release|ARM.ActiveCfg = Release
		{E132A412-2431-41C6-9D98-63F942A32B8E}.Release|ARM.Build.0 = Release
		{E132A412-2431-41C6-9D98-63F942A32B8E}.Release|Mixed Platforms.ActiveCfg = Release
		{E132A412-2431-41C6-9D98-63F942A32B8E}.Release|Mixed Platforms.Build.0 = Release
		{E132A412-2431-41C6-9D98-63F942A32B8E}.Release|x64.ActiveCfg = Release
		{E132A412-2431-41C6-9D98-63F942A32B8E}.Release|x64.Build.0 = Release
		{E132A412-2431-41C6-9D98-63F942A32B8E}.Release|x86.ActiveCfg = Release
		{E132A412-2431-41C6-9D98-63F942A32B8E}.Release|x86.Build.0 = Release
		{D4C017D4-E773-4138-872D-72ADAE69DA3D}.Debug|AnyCPU.ActiveCfg = Debug
		{D4C017D4-E773-4138-872D-72ADAE69DA3D}.Debug|AnyCPU.Build.0 = Debug
		{D4C017D4-E773-4138-872D-72ADAE69DA3D}.Debug|ARM.ActiveCfg = Debug
		{D4C017D4-E773-4138-872D-72ADAE69DA3D}.Debug|ARM.Build.0 = Debug
		{D4C017D4-E773-4138-872D-72ADAE69DA3D}.Debug|Mixed Platforms.ActiveCfg = Debug
		{D4C017D4-E773-4138-872D-72ADAE69DA3D}.Debug|Mixed Platforms.Build.0 = Debug
		{D4C017D4-E773-4138-872D-72ADAE69DA3D}.Debug|x64.ActiveCfg = Debug
		{D4C017D4-E773-4138-872D-72ADAE69DA3D}.Debug|x64.Build.0 = Debug
		{D4C017D4-E773-4138-872D-72ADAE69DA3D}.Debug|x86.ActiveCfg = Debug
		{D4C017D4-E773-4138-872D-72ADAE69DA3D}.Debug|x86.Build.0 = Debug
		{D4C017D4-E773-4138-872D-72ADAE69DA3D}.Release|AnyCPU.ActiveCfg = Release
		{D4C017D4-E773-4138-872D-72ADAE69DA3D}.Release|AnyCPU.Build.0 = Release
		{D4C017D4-E773-4138-872D-72ADAE69DA3D}.Release|ARM.ActiveCfg = Release
		{D4C017D4-E773-4138-872D-72ADAE69DA3D}.Release|ARM.Build.0 = Release
		{D4C017D4-E773-4138-872D-72ADAE69DA3D}.Release|Mixed Platforms.ActiveCfg = Release
		{D4C017D4-E773-4138-872D-72ADAE69DA3D}.Release|Mixed Platforms.Build.0 = Release
		{D4C017D4-E773-4138-872D-72ADAE69DA3D}.Release|x64.ActiveCfg = Release
		{D4C017D4-E773-4138-872D-72ADAE69DA3D}.Release|x64.Build.0 = Release
		{D4C017D4-E773-4138-872D-72ADAE69DA3D}.Release|x86.ActiveCfg = Release
		{D4C017D4-E773-4138-872D-72ADAE69DA3D}.Release|x86.Build.0 = Release
		{9F930A22-BE43-4D5A-83F6-4AFC91282E23}.Debug|AnyCPU.ActiveCfg = Debug
		{9F930A22-BE43-4D5A-83F6-4AFC91282E23}.Debug|AnyCPU.Build.0 = Debug
		{9F930A22-BE43-4D5A-83F6-4AFC91282E23}.Debug|ARM.ActiveCfg = Debug
		{9F930A22-BE43-4D5A-83F6-4AFC91282E23}.Debug|ARM.Build.0 = Debug
		{9F930A22-BE43-4D5A-83F6-4AFC91282E23}.Debug|Mixed Platforms.ActiveCfg = Debug
		{9F930A22-BE43-4D5A-83F6-4AFC91282E23}.Debug|Mixed Platforms.Build.0 = Debug
		{9F930A22-BE43-4D5A-83F6-4AFC91282E23}.Debug|x64.ActiveCfg = Debug
		{9F930A22-BE43-4D5A-83F6-4AFC91282E23}.Debug|x64.Build.0 = Debug
		{9F930A22-BE43-4D5A-83F6-4AFC91282E23}.Debug|x86.ActiveCfg = Debug
		{9F930A22-BE43-4D5A-83F6-4AFC91282E23}.Debug|x86.Build.0 = Debug
		{9F930A22-BE43-4D5A-83F6-4AFC91282E23}.Release|AnyCPU.ActiveCfg = Release
		{9F930A22-BE43-4D5A-83F6-4AFC91282E23}.Release|AnyCPU.Build.0 = Release
		{9F930A22-BE43-4D5A-83F6-4AFC91282E23}.Release|ARM.ActiveCfg = Release
		{9F930A22-BE43-4D5A-83F6-4AFC91282E23}.Release|ARM.Build.0 = Release
		{9F930A22-BE43-4D5A-83F6-4AFC91282E23}.Release|Mixed Platforms.ActiveCfg = Release
		{9F930A22-BE43-4D5A-83F6-4AFC91282E23}.Release|Mixed Platforms.Build.0 = Release
		{9F930A22-BE43-4D5A-83F6-4AFC91282E23}.Release|x64.ActiveCfg = Release
		{9F930A22-BE43-4D5A-83F6-4AFC91282E23}.Release|x64.Build.0 = Release
		{9F930A22-BE43-4D5A-83F6-4AFC91282E23}.Release|x86.ActiveCfg = Release
		{9F930A22-BE43-4D5A-83F6-4AFC91282E23}.Release|x86.Build.0 = Release
		{FCF05218-9631-4C24-A6B7-8C78434CAD94}.Debug|AnyCPU.ActiveCfg = Debug
		{FCF05218-9631-4C24-A6B7-8C78434CAD94}.Debug|AnyCPU.Build.0 = Debug
		{FCF05218-9631-4C24-A6B7-8C78434CAD94}.Debug|ARM.ActiveCfg = Debug
		{FCF05218-9631-4C24-A6B7-8C78434CAD94}.Debug|ARM.Build.0 = Debug
		{FCF05218-9631-4C24-A6B7-8C78434CAD94}.Debug|Mixed Platforms.ActiveCfg = Debug
		{FCF05218-9631-4C24-A6B7-8C78434CAD94}.Debug|Mixed Platforms.Build.0 = Debug
		{FCF05218-9631-4C24-A6B7-8C78434CAD94}.Debug|x64.ActiveCfg = Debug
		{FCF05218-9631-4C24-A6B7-8C78434CAD94}.Debug|x64.Build.0 = Debug
		{FCF05218-9631-4C24-A6B7-8C78434CAD94}.Debug|x86.ActiveCfg = Debug
		{FCF05218-9631-4C24-A6B7-8C78434CAD94}.Debug|x86.Build.0 = Debug
		{FCF05218-9631-4C24-A6B7-8C78434CAD94}.Release|AnyCPU.ActiveCfg = Release
		{FCF05218-9631-4C24-A6B7-8C78434CAD94}.Release|AnyCPU.Build.0 = Release
		{FCF05218-9631-4C24-A6B7-8C78434CAD94}.Release|ARM.ActiveCfg = Release
		{FCF05218-9631-4C24-A6B7-8C78434CAD94}.Release|ARM.Build.0 = Release
		{FCF05218-9631-4C24-A6B7-8C78434CAD94}.Release|Mixed Platforms.ActiveCfg = Release
		{FCF05218-9631-4C24-A6B7-8C78434CAD94}.Release|Mixed Platforms.Build.0 = Release
		{FCF05218-9631-4C24-A6B7-8C78434CAD94}.Release|x64.ActiveCfg = Release
		{FCF05218-9631-4C24-A6B7-8C78434CAD94}.Release|x64.Build.0 = Release
		{FCF05218-9631-4C24-A6B7-8C78434CAD94}.Release|x86.ActiveCfg = Release
		{FCF05218-9631-4C24-A6B7-8C78434CAD94}.Release|x86.Build.0 = Release
		{E8CDF7D0-43B8-48F4-A06D-37748B1FA463}.Debug|AnyCPU.ActiveCfg = Debug
		{E8CDF7D0-43B8-48F4-A06D-37748B1FA463}.Debug|AnyCPU.Build.0 = Debug
		{E8CDF7D0-43B8-48F4-A06D-37748B1FA463}.Debug|ARM.ActiveCfg = Debug
		{E8CDF7D0-43B8-48F4-A06D-37748B1FA463}.Debug|ARM.Build.0 = Debug
		{E8CDF7D0-43B8-48F4-A06D-37748B1FA463}.Debug|Mixed Platforms.ActiveCfg = Debug
		{E8CDF7D0-43B8-48F4-A06D-37748B1FA463}.Debug|Mixed Platforms.Build.0 = Debug
		{E8CDF7D0-43B8-48F4-A06D-37748B1FA463}.Debug|x64.ActiveCfg = Debug
		{E8CDF7D0-43B8-48F4-A06D-37748B1FA463}.Debug|x64.Build.0 = Debug
		{E8CDF7D0-43B8-48F4-A06D-37748B1FA463}.Debug|x86.ActiveCfg = Debug
		{E8CDF7D0-43B8-48F4-A06D-37748B1FA463}.Debug|x86.Build.0 = Debug
		{E8CDF7D0-43B8-48F4-A06D-37748B1FA463}.Release|AnyCPU.ActiveCfg = Release
		{E8CDF7D0-43B8-48F4-A06D-37748B1FA463}.Release|AnyCPU.Build.0 = Release
		{E8CDF7D0-43B8-48F4-A06D-37748B1FA463}.Release|ARM.ActiveCfg = Release
		{E8CDF7D0-43B8-48F4-A06D-37748B1FA463}.Release|ARM.Build.0 = Release
		{E8CDF7D0-43B8-48F4-A06D-37748B1FA463}.Release|Mixed Platforms.ActiveCfg = Release
		{E8CDF7D0-43B8-48F4-A06D-37748B1FA463}.Release|Mixed Platforms.Build.0 = Release
		{E8CDF7D0-43B8-48F4-A06D-37748B1FA463}.Release|x64.ActiveCfg = Release
		{E8CDF7D0-43B8-48F4-A06D-37748B1FA463}.Release|x64.Build.0 = Release
		{E8CDF7D0-43B8-48F4-A06D-37748B1FA463}.Release|x86.ActiveCfg = Release
		{E8CDF7D0-43B8-48F4-A06D-37748B1FA463}.Release|x86.Build.0 = Release
		{E05279DE-3031-4A1D-8C31-FF14BA511F66}.Debug|AnyCPU.ActiveCfg = Debug
		{E05279DE-3031-4A1D-8C31-FF14BA511F66}.Debug|AnyCPU.Build.0 = Debug
		{E05279DE-3031-4A1D-8C31-FF14BA511F66}.Debug|ARM.ActiveCfg = Debug
		{E05279DE-3031-4A1D-8C31-FF14BA511F66}.Debug|ARM.Build.0 = Debug
		{E05279DE-3031-4A1D-8C31-FF14BA511F66}.Debug|Mixed Platforms.ActiveCfg = Debug
		{E05279DE-3031-4A1D-8C31-FF14BA511F66}.Debug|Mixed Platforms.Build.0 = Debug
		{E05279DE-3031-4A1D-8C31-FF14BA511F66}.Debug|x64.ActiveCfg = Debug
		{E05279DE-3031-4A1D-8C31-FF14BA511F66}.Debug|x64.Build.0 = Debug
		{E05279DE-3031-4A1D-8C31-FF14BA511F66}.Debug|x86.ActiveCfg = Debug
		{E05279DE-3031-4A1D-8C31-FF14BA511F66}.Debug|x86.Build.0 = Debug
		{E05279DE-3031-4A1D-8C31-FF14BA511F66}.Release|AnyCPU.ActiveCfg = Release
		{E05279DE-3031-4A1D-8C31-FF14BA511F66}.Release|AnyCPU.Build.0 = Release
		{E05279DE-3031-4A1D-8C31-FF14BA511F66}.Release|ARM.ActiveCfg = Release
		{E05279DE-3031-4A1D-8C31-FF14BA511F66}.Release|ARM.Build.0 = Release
		{E05279DE-3031-4A1D-8C31-FF14BA511F66}.Release|Mixed Platforms.ActiveCfg = Release
		{E05279DE-3031-4A1D-8C31-FF14BA511F66}.Release|Mixed Platforms.Build.0 = Release
		{E05279DE-3031-4A1D-8C31-FF14BA511F66}.Release|x64.ActiveCfg = Release
		{E05279DE-3031-4A1D-8C31-FF14BA511F66}.Release|x64.Build.0 = Release
		{E05279DE-3031-4A1D-8C31-FF14BA511F66}.Release|x86.ActiveCfg = Release
		{E05279DE-3031-4A1D-8C31-FF14BA511F66}.Release|x86.Build.0 = Release
		{90B9F375-6C66-4316-81D7-7E549C959B30}.Debug|AnyCPU.ActiveCfg = Debug|AnyCPU
		{90B9F375-6C66-4316-81D7-7E549C959B30}.Debug|AnyCPU.Build.0 = Debug|AnyCPU
		{90B9F375-6C66-4316-81D7-7E549C959B30}.Debug|AnyCPU.Deploy.0 = Debug|AnyCPU
		{90B9F375-6C66-4316-81D7-7E549C959B30}.Debug|ARM.ActiveCfg = Debug|ARM
		{90B9F375-6C66-4316-81D7-7E549C959B30}.Debug|ARM.Build.0 = Debug|ARM
		{90B9F375-6C66-4316-81D7-7E549C959B30}.Debug|ARM.Deploy.0 = Debug|ARM
		{90B9F375-6C66-4316-81D7-7E549C959B30}.Debug|Mixed Platforms.ActiveCfg = Debug|x86
		{90B9F375-6C66-4316-81D7-7E549C959B30}.Debug|Mixed Platforms.Build.0 = Debug|x86
		{90B9F375-6C66-4316-81D7-7E549C959B30}.Debug|Mixed Platforms.Deploy.0 = Debug|x86
		{90B9F375-6C66-4316-81D7-7E549C959B30}.Debug|x64.ActiveCfg = Debug|x64
		{90B9F375-6C66-4316-81D7-7E549C959B30}.Debug|x64.Build.0 = Debug|x64
		{90B9F375-6C66-4316-81D7-7E549C959B30}.Debug|x64.Deploy.0 = Debug|x64
		{90B9F375-6C66-4316-81D7-7E549C959B30}.Debug|x86.ActiveCfg = Debug|x86
		{90B9F375-6C66-4316-81D7-7E549C959B30}.Debug|x86.Build.0 = Debug|x86
		{90B9F375-6C66-4316-81D7-7E549C959B30}.Debug|x86.Deploy.0 = Debug|x86
		{90B9F375-6C66-4316-81D7-7E549C959B30}.Release|AnyCPU.ActiveCfg = Release|AnyCPU
		{90B9F375-6C66-4316-81D7-7E549C959B30}.Release|AnyCPU.Build.0 = Release|AnyCPU
		{90B9F375-6C66-4316-81D7-7E549C959B30}.Release|AnyCPU.Deploy.0 = Release|AnyCPU
		{90B9F375-6C66-4316-81D7-7E549C959B30}.Release|ARM.ActiveCfg = Release|ARM
		{90B9F375-6C66-4316-81D7-7E549C959B30}.Release|ARM.Build.0 = Release|ARM
		{90B9F375-6C66-4316-81D7-7E549C959B30}.Release|ARM.Deploy.0 = Release|ARM
		{90B9F375-6C66-4316-81D7-7E549C959B30}.Release|Mixed Platforms.ActiveCfg = Release|x86
		{90B9F375-6C66-4316-81D7-7E549C959B30}.Release|Mixed Platforms.Build.0 = Release|x86
		{90B9F375-6C66-4316-81D7-7E549C959B30}.Release|Mixed Platforms.Deploy.0 = Release|x86
		{90B9F375-6C66-4316-81D7-7E549C959B30}.Release|x64.ActiveCfg = Release|x64
		{90B9F375-6C66-4316-81D7-7E549C959B30}.Release|x64.Build.0 = Release|x64
		{90B9F375-6C66-4316-81D7-7E549C959B30}.Release|x64.Deploy.0 = Release|x64
		{90B9F375-6C66-4316-81D7-7E549C959B30}.Release|x86.ActiveCfg = Release|x86
		{90B9F375-6C66-4316-81D7-7E549C959B30}.Release|x86.Build.0 = Release|x86
		{90B9F375-6C66-4316-81D7-7E549C959B30}.Release|x86.Deploy.0 = Release|x86
		{D6D563F4-0983-4AB5-B167-3E684B6080B2}.Debug|AnyCPU.ActiveCfg = Debug
		{D6D563F4-0983-4AB5-B167-3E684B6080B2}.Debug|AnyCPU.Build.0 = Debug
		{D6D563F4-0983-4AB5-B167-3E684B6080B2}.Debug|ARM.ActiveCfg = Debug
		{D6D563F4-0983-4AB5-B167-3E684B6080B2}.Debug|ARM.Build.0 = Debug
		{D6D563F4-0983-4AB5-B167-3E684B6080B2}.Debug|Mixed Platforms.ActiveCfg = Debug
		{D6D563F4-0983-4AB5-B167-3E684B6080B2}.Debug|Mixed Platforms.Build.0 = Debug
		{D6D563F4-0983-4AB5-B167-3E684B6080B2}.Debug|x64.ActiveCfg = Debug
		{D6D563F4-0983-4AB5-B167-3E684B6080B2}.Debug|x64.Build.0 = Debug
		{D6D563F4-0983-4AB5-B167-3E684B6080B2}.Debug|x86.ActiveCfg = Debug
		{D6D563F4-0983-4AB5-B167-3E684B6080B2}.Debug|x86.Build.0 = Debug
		{D6D563F4-0983-4AB5-B167-3E684B6080B2}.Release|AnyCPU.ActiveCfg = Release
		{D6D563F4-0983-4AB5-B167-3E684B6080B2}.Release|AnyCPU.Build.0 = Release
		{D6D563F4-0983-4AB5-B167-3E684B6080B2}.Release|ARM.ActiveCfg = Release
		{D6D563F4-0983-4AB5-B167-3E684B6080B2}.Release|ARM.Build.0 = Release
		{D6D563F4-0983-4AB5-B167-3E684B6080B2}.Release|Mixed Platforms.ActiveCfg = Release
		{D6D563F4-0983-4AB5-B167-3E684B6080B2}.Release|Mixed Platforms.Build.0 = Release
		{D6D563F4-0983-4AB5-B167-3E684B6080B2}.Release|x64.ActiveCfg = Release
		{D6D563F4-0983-4AB5-B167-3E684B6080B2}.Release|x64.Build.0 = Release
		{D6D563F4-0983-4AB5-B167-3E684B6080B2}.Release|x86.ActiveCfg = Release
		{D6D563F4-0983-4AB5-B167-3E684B6080B2}.Release|x86.Build.0 = Release
	EndGlobalSection
	GlobalSection(SolutionProperties) = preSolution
		HideSolutionNode = FALSE
	EndGlobalSection
EndGlobal
