
Microsoft Visual Studio Solution File, Format Version 12.00
# RemObjects Fire
Project("{656346D9-4656-40DA-A068-22D5425D4639}") = "Sugar.Cooper", "Sugar\Sugar.Cooper.oxygene", "{D1EE6C41-515B-4175-873F-EE188AC43450}"
EndProject
Project("{656346D9-4656-40DA-A068-22D5425D4639}") = "Sugar.Cooper.Android", "Sugar\Sugar.Cooper.Android.oxygene", "{8DAC177A-64EB-4175-AC9C-E6B121B6F34B}"
EndProject
Project("{656346D9-4656-40DA-A068-22D5425D4639}") = "Sugar.Echoes", "Sugar\Sugar.Echoes.oxygene", "{79301A0C-1F95-4FB0-9605-207E288C6171}"
EndProject
Project("{656346D9-4656-40DA-A068-22D5425D4639}") = "Sugar.Echoes.WP8", "Sugar\Sugar.Echoes.WP8.oxygene", "{BD5D51E2-B11A-4356-9450-64566F8CDC38}"
EndProject
Project("{656346D9-4656-40DA-A068-22D5425D4639}") = "Sugar.Echoes.WinRT", "Sugar\Sugar.Echoes.WinRT.oxygene", "{3AB69816-9882-4FA6-ABE5-C146199F5279}"
EndProject
Project("{656346D9-4656-40DA-A068-22D5425D4639}") = "Sugar.Nougat.OSX", "Sugar\Sugar.Nougat.OSX.oxygene", "{AB7AB88B-2370-43BF-844B-54D015DA9E57}"
EndProject
Project("{656346D9-4656-40DA-A068-22D5425D4639}") = "Sugar.Nougat.iOS", "Sugar\Sugar.Nougat.iOS.oxygene", "{91B301FC-331E-48A7-803B-4CBE3FFF6ED7}"
EndProject
Global
	GlobalSection(SolutionConfigurationPlatforms) = preSolution
		Debug|AnyCPU = Debug|AnyCPU
		Release|AnyCPU = Release|AnyCPU
	EndGlobalSection
	GlobalSection(ProjectConfigurationPlatforms) = postSolution
		{D1EE6C41-515B-4175-873F-EE188AC43450}.Debug|AnyCPU.ActiveCfg = Debug|AnyCPU
		{D1EE6C41-515B-4175-873F-EE188AC43450}.Debug|AnyCPU.Build.0 = Debug|AnyCPU
		{D1EE6C41-515B-4175-873F-EE188AC43450}.Release|AnyCPU.ActiveCfg = Release|AnyCPU
		{D1EE6C41-515B-4175-873F-EE188AC43450}.Release|AnyCPU.Build.0 = Release|AnyCPU
		{79301A0C-1F95-4FB0-9605-207E288C6171}.Debug|AnyCPU.ActiveCfg = Debug|AnyCPU
		{79301A0C-1F95-4FB0-9605-207E288C6171}.Debug|AnyCPU.Build.0 = Debug|AnyCPU
		{79301A0C-1F95-4FB0-9605-207E288C6171}.Release|AnyCPU.ActiveCfg = Release|AnyCPU
		{79301A0C-1F95-4FB0-9605-207E288C6171}.Release|AnyCPU.Build.0 = Release|AnyCPU
		{BD5D51E2-B11A-4356-9450-64566F8CDC38}.Debug|AnyCPU.ActiveCfg = Debug|AnyCPU
		{BD5D51E2-B11A-4356-9450-64566F8CDC38}.Debug|AnyCPU.Build.0 = Debug|AnyCPU
		{BD5D51E2-B11A-4356-9450-64566F8CDC38}.Release|AnyCPU.ActiveCfg = Release|AnyCPU
		{BD5D51E2-B11A-4356-9450-64566F8CDC38}.Release|AnyCPU.Build.0 = Release|AnyCPU
		{AB7AB88B-2370-43BF-844B-54D015DA9E57}.Debug|AnyCPU.ActiveCfg = Debug|AnyCPU
		{AB7AB88B-2370-43BF-844B-54D015DA9E57}.Debug|AnyCPU.Build.0 = Debug|AnyCPU
		{AB7AB88B-2370-43BF-844B-54D015DA9E57}.Release|AnyCPU.ActiveCfg = Release|AnyCPU
		{AB7AB88B-2370-43BF-844B-54D015DA9E57}.Release|AnyCPU.Build.0 = Release|AnyCPU
		{91B301FC-331E-48A7-803B-4CBE3FFF6ED7}.Debug|AnyCPU.ActiveCfg = Debug|AnyCPU
		{91B301FC-331E-48A7-803B-4CBE3FFF6ED7}.Debug|AnyCPU.Build.0 = Debug|AnyCPU
		{91B301FC-331E-48A7-803B-4CBE3FFF6ED7}.Release|AnyCPU.ActiveCfg = Release|AnyCPU
		{91B301FC-331E-48A7-803B-4CBE3FFF6ED7}.Release|AnyCPU.Build.0 = Release|AnyCPU
		{3AB69816-9882-4FA6-ABE5-C146199F5279}.Debug|AnyCPU.ActiveCfg = Debug|AnyCPU
		{3AB69816-9882-4FA6-ABE5-C146199F5279}.Debug|AnyCPU.Build.0 = Debug|AnyCPU
		{3AB69816-9882-4FA6-ABE5-C146199F5279}.Release|AnyCPU.ActiveCfg = Release|AnyCPU
		{3AB69816-9882-4FA6-ABE5-C146199F5279}.Release|AnyCPU.Build.0 = Release|AnyCPU
		{8DAC177A-64EB-4175-AC9C-E6B121B6F34B}.Debug|AnyCPU.ActiveCfg = Debug|AnyCPU
		{8DAC177A-64EB-4175-AC9C-E6B121B6F34B}.Debug|AnyCPU.Build.0 = Debug|AnyCPU
		{8DAC177A-64EB-4175-AC9C-E6B121B6F34B}.Release|AnyCPU.ActiveCfg = Release|AnyCPU
		{8DAC177A-64EB-4175-AC9C-E6B121B6F34B}.Release|AnyCPU.Build.0 = Release|AnyCPU
	EndGlobalSection
	GlobalSection(SolutionProperties) = preSolution
		ideSolutionNode = FALSE
	EndGlobalSection
EndGlobal
