Microsoft Visual Studio Solution File, Format Version 12.00
# Visual Studio 2013
VisualStudioVersion = 12.0.31101.0
MinimumVisualStudioVersion = 10.0.40219.1
Project("{656346D9-4656-40DA-A068-22D5425D4639}") = "Sugar.Cooper", "Sugar\Sugar.Cooper.oxygene", "{D1EE6C41-515B-4175-873F-EE188AC43450}"
EndProject
Project("{656346D9-4656-40DA-A068-22D5425D4639}") = "Sugar.Cooper.Android", "Sugar\Sugar.Cooper.Android.oxygene", "{8DAC177A-64EB-4175-AC9C-E6B121B6F34B}"
EndProject
Project("{656346D9-4656-40DA-A068-22D5425D4639}") = "Sugar.Echoes", "Sugar\Sugar.Echoes.oxygene", "{79301A0C-1F95-4FB0-9605-207E288C6171}"
EndProject
Project("{656346D9-4656-40DA-A068-22D5425D4639}") = "Sugar.Echoes.WP8", "Sugar\Sugar.Echoes.WP8.oxygene", "{BD5D51E2-B11A-4356-9450-64566F8CDC38}"
EndProject
Project("{656346D9-4656-40DA-A068-22D5425D4639}") = "Sugar.Echoes.WinRT", "Sugar\Sugar.Echoes.WinRT.oxygene", "{3AB69816-9882-4FA6-ABE5-C146199F5279}"
EndProject
Project("{656346D9-4656-40DA-A068-22D5425D4639}") = "Sugar.Nougat.OSX", "Sugar\Sugar.Nougat.OSX.oxygene", "{AB7AB88B-2370-43BF-844B-54D015DA9E57}"
EndProject
Project("{656346D9-4656-40DA-A068-22D5425D4639}") = "Sugar.Nougat.iOS", "Sugar\Sugar.Nougat.iOS.oxygene", "{91B301FC-331E-48A7-803B-4CBE3FFF6ED7}"
EndProject
Project("{656346D9-4656-40DA-A068-22D5425D4639}") = "Sugar.Shared", "Sugar\Sugar.Shared.elements", "{719BEFD9-F514-42FD-8DA1-172697C756D2}"
EndProject
Project("{656346D9-4656-40DA-A068-22D5425D4639}") = "Sugar.Data.Shared", "Sugar.Data\Sugar.Data.Shared.elements", "{AA2E0B6A-BB00-4967-9E6A-BFDC653F86CE}"
EndProject
Project("{656346D9-4656-40DA-A068-22D5425D4639}") = "Sugar.Data.Echoes", "Sugar.Data\Sugar.Data.Echoes.oxygene", "{77BA48DA-3022-4E3C-AB2E-885FF84B5EFE}"
EndProject
Project("{656346D9-4656-40DA-A068-22D5425D4639}") = "Sugar.Data.Cooper", "Sugar.Data\Sugar.Data.Cooper.oxygene", "{83E22C95-CBC5-4977-87F6-0B18B8181703}"
EndProject
Project("{656346D9-4656-40DA-A068-22D5425D4639}") = "Sugar.Data.Cooper.Android", "Sugar.Data\Sugar.Data.Cooper.Android.oxygene", "{D5492A3D-13B2-4EF5-8835-81BC392B5A74}"
EndProject
Project("{656346D9-4656-40DA-A068-22D5425D4639}") = "Sugar.Data.Echoes.WinRT", "Sugar.Data\Sugar.Data.Echoes.WinRT.oxygene", "{2B56E90A-F177-4D9A-A438-ED6DF7AD9826}"
EndProject
Project("{656346D9-4656-40DA-A068-22D5425D4639}") = "Sugar.Data.Echoes.WP8", "Sugar.Data\Sugar.Data.Echoes.WP8.oxygene", "{4439717A-5A75-4BD0-A37D-191A2000C90A}"
EndProject
Project("{656346D9-4656-40DA-A068-22D5425D4639}") = "Sugar.Data.Nougat.iOS", "Sugar.Data\Sugar.Data.Nougat.iOS.oxygene", "{15939BAF-3D02-4074-A4F1-6ADBD2A5F28D}"
EndProject
Project("{656346D9-4656-40DA-A068-22D5425D4639}") = "Sugar.Data.Nougat.OSX", "Sugar.Data\Sugar.Data.Nougat.OSX.oxygene", "{0D5B253D-762B-42D9-BFD2-3C217E07CF52}"
EndProject
Global
	GlobalSection(SolutionConfigurationPlatforms) = preSolution
		Debug|AnyCPU = Debug|AnyCPU
		Debug|ARM = Debug|ARM
		Debug|Mixed Platforms = Debug|Mixed Platforms
		Debug|x64 = Debug|x64
		Debug|x86 = Debug|x86
		Release|AnyCPU = Release|AnyCPU
		Release|ARM = Release|ARM
		Release|Mixed Platforms = Release|Mixed Platforms
		Release|x64 = Release|x64
		Release|x86 = Release|x86
	EndGlobalSection
	GlobalSection(ProjectConfigurationPlatforms) = postSolution
		{D1EE6C41-515B-4175-873F-EE188AC43450}.Debug|AnyCPU.ActiveCfg = Debug
		{D1EE6C41-515B-4175-873F-EE188AC43450}.Debug|AnyCPU.Build.0 = Debug
		{D1EE6C41-515B-4175-873F-EE188AC43450}.Debug|ARM.ActiveCfg = Debug
		{D1EE6C41-515B-4175-873F-EE188AC43450}.Debug|ARM.Build.0 = Debug
		{D1EE6C41-515B-4175-873F-EE188AC43450}.Debug|Mixed Platforms.ActiveCfg = Debug
		{D1EE6C41-515B-4175-873F-EE188AC43450}.Debug|Mixed Platforms.Build.0 = Debug
		{D1EE6C41-515B-4175-873F-EE188AC43450}.Debug|x64.ActiveCfg = Debug
		{D1EE6C41-515B-4175-873F-EE188AC43450}.Debug|x64.Build.0 = Debug
		{D1EE6C41-515B-4175-873F-EE188AC43450}.Debug|x86.ActiveCfg = Debug
		{D1EE6C41-515B-4175-873F-EE188AC43450}.Debug|x86.Build.0 = Debug
		{D1EE6C41-515B-4175-873F-EE188AC43450}.Release|AnyCPU.ActiveCfg = Release
		{D1EE6C41-515B-4175-873F-EE188AC43450}.Release|AnyCPU.Build.0 = Release
		{D1EE6C41-515B-4175-873F-EE188AC43450}.Release|ARM.ActiveCfg = Release
		{D1EE6C41-515B-4175-873F-EE188AC43450}.Release|ARM.Build.0 = Release
		{D1EE6C41-515B-4175-873F-EE188AC43450}.Release|Mixed Platforms.ActiveCfg = Release
		{D1EE6C41-515B-4175-873F-EE188AC43450}.Release|Mixed Platforms.Build.0 = Release
		{D1EE6C41-515B-4175-873F-EE188AC43450}.Release|x64.ActiveCfg = Release
		{D1EE6C41-515B-4175-873F-EE188AC43450}.Release|x64.Build.0 = Release
		{D1EE6C41-515B-4175-873F-EE188AC43450}.Release|x86.ActiveCfg = Release
		{D1EE6C41-515B-4175-873F-EE188AC43450}.Release|x86.Build.0 = Release
		{8DAC177A-64EB-4175-AC9C-E6B121B6F34B}.Debug|AnyCPU.ActiveCfg = Debug
		{8DAC177A-64EB-4175-AC9C-E6B121B6F34B}.Debug|AnyCPU.Build.0 = Debug
		{8DAC177A-64EB-4175-AC9C-E6B121B6F34B}.Debug|ARM.ActiveCfg = Debug
		{8DAC177A-64EB-4175-AC9C-E6B121B6F34B}.Debug|ARM.Build.0 = Debug
		{8DAC177A-64EB-4175-AC9C-E6B121B6F34B}.Debug|Mixed Platforms.ActiveCfg = Debug
		{8DAC177A-64EB-4175-AC9C-E6B121B6F34B}.Debug|Mixed Platforms.Build.0 = Debug
		{8DAC177A-64EB-4175-AC9C-E6B121B6F34B}.Debug|x64.ActiveCfg = Debug
		{8DAC177A-64EB-4175-AC9C-E6B121B6F34B}.Debug|x64.Build.0 = Debug
		{8DAC177A-64EB-4175-AC9C-E6B121B6F34B}.Debug|x86.ActiveCfg = Debug
		{8DAC177A-64EB-4175-AC9C-E6B121B6F34B}.Debug|x86.Build.0 = Debug
		{8DAC177A-64EB-4175-AC9C-E6B121B6F34B}.Release|AnyCPU.ActiveCfg = Release
		{8DAC177A-64EB-4175-AC9C-E6B121B6F34B}.Release|AnyCPU.Build.0 = Release
		{8DAC177A-64EB-4175-AC9C-E6B121B6F34B}.Release|ARM.ActiveCfg = Release
		{8DAC177A-64EB-4175-AC9C-E6B121B6F34B}.Release|ARM.Build.0 = Release
		{8DAC177A-64EB-4175-AC9C-E6B121B6F34B}.Release|Mixed Platforms.ActiveCfg = Release
		{8DAC177A-64EB-4175-AC9C-E6B121B6F34B}.Release|Mixed Platforms.Build.0 = Release
		{8DAC177A-64EB-4175-AC9C-E6B121B6F34B}.Release|x64.ActiveCfg = Release
		{8DAC177A-64EB-4175-AC9C-E6B121B6F34B}.Release|x64.Build.0 = Release
		{8DAC177A-64EB-4175-AC9C-E6B121B6F34B}.Release|x86.ActiveCfg = Release
		{8DAC177A-64EB-4175-AC9C-E6B121B6F34B}.Release|x86.Build.0 = Release
		{79301A0C-1F95-4FB0-9605-207E288C6171}.Debug|AnyCPU.ActiveCfg = Debug
		{79301A0C-1F95-4FB0-9605-207E288C6171}.Debug|AnyCPU.Build.0 = Debug
		{79301A0C-1F95-4FB0-9605-207E288C6171}.Debug|ARM.ActiveCfg = Debug
		{79301A0C-1F95-4FB0-9605-207E288C6171}.Debug|ARM.Build.0 = Debug
		{79301A0C-1F95-4FB0-9605-207E288C6171}.Debug|Mixed Platforms.ActiveCfg = Debug
		{79301A0C-1F95-4FB0-9605-207E288C6171}.Debug|Mixed Platforms.Build.0 = Debug
		{79301A0C-1F95-4FB0-9605-207E288C6171}.Debug|x64.ActiveCfg = Debug
		{79301A0C-1F95-4FB0-9605-207E288C6171}.Debug|x64.Build.0 = Debug
		{79301A0C-1F95-4FB0-9605-207E288C6171}.Debug|x86.ActiveCfg = Debug
		{79301A0C-1F95-4FB0-9605-207E288C6171}.Debug|x86.Build.0 = Debug
		{79301A0C-1F95-4FB0-9605-207E288C6171}.Release|AnyCPU.ActiveCfg = Release
		{79301A0C-1F95-4FB0-9605-207E288C6171}.Release|AnyCPU.Build.0 = Release
		{79301A0C-1F95-4FB0-9605-207E288C6171}.Release|ARM.ActiveCfg = Release
		{79301A0C-1F95-4FB0-9605-207E288C6171}.Release|ARM.Build.0 = Release
		{79301A0C-1F95-4FB0-9605-207E288C6171}.Release|Mixed Platforms.ActiveCfg = Release
		{79301A0C-1F95-4FB0-9605-207E288C6171}.Release|Mixed Platforms.Build.0 = Release
		{79301A0C-1F95-4FB0-9605-207E288C6171}.Release|x64.ActiveCfg = Release
		{79301A0C-1F95-4FB0-9605-207E288C6171}.Release|x64.Build.0 = Release
		{79301A0C-1F95-4FB0-9605-207E288C6171}.Release|x86.ActiveCfg = Release
		{79301A0C-1F95-4FB0-9605-207E288C6171}.Release|x86.Build.0 = Release
		{BD5D51E2-B11A-4356-9450-64566F8CDC38}.Debug|AnyCPU.ActiveCfg = Debug|AnyCPU
		{BD5D51E2-B11A-4356-9450-64566F8CDC38}.Debug|ARM.ActiveCfg = Debug|ARM
		{BD5D51E2-B11A-4356-9450-64566F8CDC38}.Debug|Mixed Platforms.ActiveCfg = Debug|x86
		{BD5D51E2-B11A-4356-9450-64566F8CDC38}.Debug|Mixed Platforms.Build.0 = Debug|x86
		{BD5D51E2-B11A-4356-9450-64566F8CDC38}.Debug|x64.ActiveCfg = Debug|AnyCPU
		{BD5D51E2-B11A-4356-9450-64566F8CDC38}.Debug|x86.ActiveCfg = Debug|x86
		{BD5D51E2-B11A-4356-9450-64566F8CDC38}.Release|AnyCPU.ActiveCfg = Release|AnyCPU
		{BD5D51E2-B11A-4356-9450-64566F8CDC38}.Release|ARM.ActiveCfg = Release|ARM
		{BD5D51E2-B11A-4356-9450-64566F8CDC38}.Release|Mixed Platforms.ActiveCfg = Release|x86
		{BD5D51E2-B11A-4356-9450-64566F8CDC38}.Release|Mixed Platforms.Build.0 = Release|x86
		{BD5D51E2-B11A-4356-9450-64566F8CDC38}.Release|x64.ActiveCfg = Release|AnyCPU
		{BD5D51E2-B11A-4356-9450-64566F8CDC38}.Release|x86.ActiveCfg = Release|x86
		{3AB69816-9882-4FA6-ABE5-C146199F5279}.Debug|AnyCPU.ActiveCfg = Debug|AnyCPU
		{3AB69816-9882-4FA6-ABE5-C146199F5279}.Debug|ARM.ActiveCfg = Debug|ARM
		{3AB69816-9882-4FA6-ABE5-C146199F5279}.Debug|Mixed Platforms.ActiveCfg = Debug|x86
		{3AB69816-9882-4FA6-ABE5-C146199F5279}.Debug|Mixed Platforms.Build.0 = Debug|x86
		{3AB69816-9882-4FA6-ABE5-C146199F5279}.Debug|x64.ActiveCfg = Debug|x64
		{3AB69816-9882-4FA6-ABE5-C146199F5279}.Debug|x86.ActiveCfg = Debug|x86
		{3AB69816-9882-4FA6-ABE5-C146199F5279}.Release|AnyCPU.ActiveCfg = Release|AnyCPU
		{3AB69816-9882-4FA6-ABE5-C146199F5279}.Release|ARM.ActiveCfg = Release|ARM
		{3AB69816-9882-4FA6-ABE5-C146199F5279}.Release|Mixed Platforms.ActiveCfg = Release|x86
		{3AB69816-9882-4FA6-ABE5-C146199F5279}.Release|Mixed Platforms.Build.0 = Release|x86
		{3AB69816-9882-4FA6-ABE5-C146199F5279}.Release|x64.ActiveCfg = Release|x64
		{3AB69816-9882-4FA6-ABE5-C146199F5279}.Release|x86.ActiveCfg = Release|x86
		{AB7AB88B-2370-43BF-844B-54D015DA9E57}.Debug|AnyCPU.ActiveCfg = Debug
		{AB7AB88B-2370-43BF-844B-54D015DA9E57}.Debug|AnyCPU.Build.0 = Debug
		{AB7AB88B-2370-43BF-844B-54D015DA9E57}.Debug|ARM.ActiveCfg = Debug
		{AB7AB88B-2370-43BF-844B-54D015DA9E57}.Debug|ARM.Build.0 = Debug
		{AB7AB88B-2370-43BF-844B-54D015DA9E57}.Debug|Mixed Platforms.ActiveCfg = Debug
		{AB7AB88B-2370-43BF-844B-54D015DA9E57}.Debug|Mixed Platforms.Build.0 = Debug
		{AB7AB88B-2370-43BF-844B-54D015DA9E57}.Debug|x64.ActiveCfg = Debug
		{AB7AB88B-2370-43BF-844B-54D015DA9E57}.Debug|x64.Build.0 = Debug
		{AB7AB88B-2370-43BF-844B-54D015DA9E57}.Debug|x86.ActiveCfg = Debug
		{AB7AB88B-2370-43BF-844B-54D015DA9E57}.Debug|x86.Build.0 = Debug
		{AB7AB88B-2370-43BF-844B-54D015DA9E57}.Release|AnyCPU.ActiveCfg = Release
		{AB7AB88B-2370-43BF-844B-54D015DA9E57}.Release|AnyCPU.Build.0 = Release
		{AB7AB88B-2370-43BF-844B-54D015DA9E57}.Release|ARM.ActiveCfg = Release
		{AB7AB88B-2370-43BF-844B-54D015DA9E57}.Release|ARM.Build.0 = Release
		{AB7AB88B-2370-43BF-844B-54D015DA9E57}.Release|Mixed Platforms.ActiveCfg = Release
		{AB7AB88B-2370-43BF-844B-54D015DA9E57}.Release|Mixed Platforms.Build.0 = Release
		{AB7AB88B-2370-43BF-844B-54D015DA9E57}.Release|x64.ActiveCfg = Release
		{AB7AB88B-2370-43BF-844B-54D015DA9E57}.Release|x64.Build.0 = Release
		{AB7AB88B-2370-43BF-844B-54D015DA9E57}.Release|x86.ActiveCfg = Release
		{AB7AB88B-2370-43BF-844B-54D015DA9E57}.Release|x86.Build.0 = Release
		{91B301FC-331E-48A7-803B-4CBE3FFF6ED7}.Debug|AnyCPU.ActiveCfg = Debug
		{91B301FC-331E-48A7-803B-4CBE3FFF6ED7}.Debug|AnyCPU.Build.0 = Debug
		{91B301FC-331E-48A7-803B-4CBE3FFF6ED7}.Debug|ARM.ActiveCfg = Debug
		{91B301FC-331E-48A7-803B-4CBE3FFF6ED7}.Debug|ARM.Build.0 = Debug
		{91B301FC-331E-48A7-803B-4CBE3FFF6ED7}.Debug|Mixed Platforms.ActiveCfg = Debug
		{91B301FC-331E-48A7-803B-4CBE3FFF6ED7}.Debug|Mixed Platforms.Build.0 = Debug
		{91B301FC-331E-48A7-803B-4CBE3FFF6ED7}.Debug|x64.ActiveCfg = Debug
		{91B301FC-331E-48A7-803B-4CBE3FFF6ED7}.Debug|x64.Build.0 = Debug
		{91B301FC-331E-48A7-803B-4CBE3FFF6ED7}.Debug|x86.ActiveCfg = Debug
		{91B301FC-331E-48A7-803B-4CBE3FFF6ED7}.Debug|x86.Build.0 = Debug
		{91B301FC-331E-48A7-803B-4CBE3FFF6ED7}.Release|AnyCPU.ActiveCfg = Release
		{91B301FC-331E-48A7-803B-4CBE3FFF6ED7}.Release|AnyCPU.Build.0 = Release
		{91B301FC-331E-48A7-803B-4CBE3FFF6ED7}.Release|ARM.ActiveCfg = Release
		{91B301FC-331E-48A7-803B-4CBE3FFF6ED7}.Release|ARM.Build.0 = Release
		{91B301FC-331E-48A7-803B-4CBE3FFF6ED7}.Release|Mixed Platforms.ActiveCfg = Release
		{91B301FC-331E-48A7-803B-4CBE3FFF6ED7}.Release|Mixed Platforms.Build.0 = Release
		{91B301FC-331E-48A7-803B-4CBE3FFF6ED7}.Release|x64.ActiveCfg = Release
		{91B301FC-331E-48A7-803B-4CBE3FFF6ED7}.Release|x64.Build.0 = Release
		{91B301FC-331E-48A7-803B-4CBE3FFF6ED7}.Release|x86.ActiveCfg = Release
		{91B301FC-331E-48A7-803B-4CBE3FFF6ED7}.Release|x86.Build.0 = Release
		{77BA48DA-3022-4E3C-AB2E-885FF84B5EFE}.Debug|AnyCPU.ActiveCfg = Debug
		{77BA48DA-3022-4E3C-AB2E-885FF84B5EFE}.Debug|AnyCPU.Build.0 = Debug
		{77BA48DA-3022-4E3C-AB2E-885FF84B5EFE}.Debug|ARM.ActiveCfg = Debug
		{77BA48DA-3022-4E3C-AB2E-885FF84B5EFE}.Debug|ARM.Build.0 = Debug
		{77BA48DA-3022-4E3C-AB2E-885FF84B5EFE}.Debug|Mixed Platforms.ActiveCfg = Debug
		{77BA48DA-3022-4E3C-AB2E-885FF84B5EFE}.Debug|Mixed Platforms.Build.0 = Debug
		{77BA48DA-3022-4E3C-AB2E-885FF84B5EFE}.Debug|x64.ActiveCfg = Debug
		{77BA48DA-3022-4E3C-AB2E-885FF84B5EFE}.Debug|x64.Build.0 = Debug
		{77BA48DA-3022-4E3C-AB2E-885FF84B5EFE}.Debug|x86.ActiveCfg = Debug
		{77BA48DA-3022-4E3C-AB2E-885FF84B5EFE}.Debug|x86.Build.0 = Debug
		{77BA48DA-3022-4E3C-AB2E-885FF84B5EFE}.Release|AnyCPU.ActiveCfg = Release
		{77BA48DA-3022-4E3C-AB2E-885FF84B5EFE}.Release|AnyCPU.Build.0 = Release
		{77BA48DA-3022-4E3C-AB2E-885FF84B5EFE}.Release|ARM.ActiveCfg = Release
		{77BA48DA-3022-4E3C-AB2E-885FF84B5EFE}.Release|ARM.Build.0 = Release
		{77BA48DA-3022-4E3C-AB2E-885FF84B5EFE}.Release|Mixed Platforms.ActiveCfg = Release
		{77BA48DA-3022-4E3C-AB2E-885FF84B5EFE}.Release|Mixed Platforms.Build.0 = Release
		{77BA48DA-3022-4E3C-AB2E-885FF84B5EFE}.Release|x64.ActiveCfg = Release
		{77BA48DA-3022-4E3C-AB2E-885FF84B5EFE}.Release|x64.Build.0 = Release
		{77BA48DA-3022-4E3C-AB2E-885FF84B5EFE}.Release|x86.ActiveCfg = Release
		{77BA48DA-3022-4E3C-AB2E-885FF84B5EFE}.Release|x86.Build.0 = Release
		{83E22C95-CBC5-4977-87F6-0B18B8181703}.Debug|AnyCPU.ActiveCfg = Debug
		{83E22C95-CBC5-4977-87F6-0B18B8181703}.Debug|AnyCPU.Build.0 = Debug
		{83E22C95-CBC5-4977-87F6-0B18B8181703}.Debug|ARM.ActiveCfg = Debug
		{83E22C95-CBC5-4977-87F6-0B18B8181703}.Debug|ARM.Build.0 = Debug
		{83E22C95-CBC5-4977-87F6-0B18B8181703}.Debug|Mixed Platforms.ActiveCfg = Debug
		{83E22C95-CBC5-4977-87F6-0B18B8181703}.Debug|Mixed Platforms.Build.0 = Debug
		{83E22C95-CBC5-4977-87F6-0B18B8181703}.Debug|x64.ActiveCfg = Debug
		{83E22C95-CBC5-4977-87F6-0B18B8181703}.Debug|x64.Build.0 = Debug
		{83E22C95-CBC5-4977-87F6-0B18B8181703}.Debug|x86.ActiveCfg = Debug
		{83E22C95-CBC5-4977-87F6-0B18B8181703}.Debug|x86.Build.0 = Debug
		{83E22C95-CBC5-4977-87F6-0B18B8181703}.Release|AnyCPU.ActiveCfg = Release
		{83E22C95-CBC5-4977-87F6-0B18B8181703}.Release|AnyCPU.Build.0 = Release
		{83E22C95-CBC5-4977-87F6-0B18B8181703}.Release|ARM.ActiveCfg = Release
		{83E22C95-CBC5-4977-87F6-0B18B8181703}.Release|ARM.Build.0 = Release
		{83E22C95-CBC5-4977-87F6-0B18B8181703}.Release|Mixed Platforms.ActiveCfg = Release
		{83E22C95-CBC5-4977-87F6-0B18B8181703}.Release|Mixed Platforms.Build.0 = Release
		{83E22C95-CBC5-4977-87F6-0B18B8181703}.Release|x64.ActiveCfg = Release
		{83E22C95-CBC5-4977-87F6-0B18B8181703}.Release|x64.Build.0 = Release
		{83E22C95-CBC5-4977-87F6-0B18B8181703}.Release|x86.ActiveCfg = Release
		{83E22C95-CBC5-4977-87F6-0B18B8181703}.Release|x86.Build.0 = Release
		{D5492A3D-13B2-4EF5-8835-81BC392B5A74}.Debug|AnyCPU.ActiveCfg = Debug
		{D5492A3D-13B2-4EF5-8835-81BC392B5A74}.Debug|AnyCPU.Build.0 = Debug
		{D5492A3D-13B2-4EF5-8835-81BC392B5A74}.Debug|ARM.ActiveCfg = Debug
		{D5492A3D-13B2-4EF5-8835-81BC392B5A74}.Debug|ARM.Build.0 = Debug
		{D5492A3D-13B2-4EF5-8835-81BC392B5A74}.Debug|Mixed Platforms.ActiveCfg = Debug
		{D5492A3D-13B2-4EF5-8835-81BC392B5A74}.Debug|Mixed Platforms.Build.0 = Debug
		{D5492A3D-13B2-4EF5-8835-81BC392B5A74}.Debug|x64.ActiveCfg = Debug
		{D5492A3D-13B2-4EF5-8835-81BC392B5A74}.Debug|x64.Build.0 = Debug
		{D5492A3D-13B2-4EF5-8835-81BC392B5A74}.Debug|x86.ActiveCfg = Debug
		{D5492A3D-13B2-4EF5-8835-81BC392B5A74}.Debug|x86.Build.0 = Debug
		{D5492A3D-13B2-4EF5-8835-81BC392B5A74}.Release|AnyCPU.ActiveCfg = Release
		{D5492A3D-13B2-4EF5-8835-81BC392B5A74}.Release|AnyCPU.Build.0 = Release
		{D5492A3D-13B2-4EF5-8835-81BC392B5A74}.Release|ARM.ActiveCfg = Release
		{D5492A3D-13B2-4EF5-8835-81BC392B5A74}.Release|ARM.Build.0 = Release
		{D5492A3D-13B2-4EF5-8835-81BC392B5A74}.Release|Mixed Platforms.ActiveCfg = Release
		{D5492A3D-13B2-4EF5-8835-81BC392B5A74}.Release|Mixed Platforms.Build.0 = Release
		{D5492A3D-13B2-4EF5-8835-81BC392B5A74}.Release|x64.ActiveCfg = Release
		{D5492A3D-13B2-4EF5-8835-81BC392B5A74}.Release|x64.Build.0 = Release
		{D5492A3D-13B2-4EF5-8835-81BC392B5A74}.Release|x86.ActiveCfg = Release
		{D5492A3D-13B2-4EF5-8835-81BC392B5A74}.Release|x86.Build.0 = Release
		{2B56E90A-F177-4D9A-A438-ED6DF7AD9826}.Debug|AnyCPU.ActiveCfg = Debug|AnyCPU
		{2B56E90A-F177-4D9A-A438-ED6DF7AD9826}.Debug|AnyCPU.Build.0 = Debug|AnyCPU
		{2B56E90A-F177-4D9A-A438-ED6DF7AD9826}.Debug|ARM.ActiveCfg = Debug|ARM
		{2B56E90A-F177-4D9A-A438-ED6DF7AD9826}.Debug|ARM.Build.0 = Debug|ARM
		{2B56E90A-F177-4D9A-A438-ED6DF7AD9826}.Debug|Mixed Platforms.ActiveCfg = Debug|x86
		{2B56E90A-F177-4D9A-A438-ED6DF7AD9826}.Debug|Mixed Platforms.Build.0 = Debug|x86
		{2B56E90A-F177-4D9A-A438-ED6DF7AD9826}.Debug|x64.ActiveCfg = Debug|x64
		{2B56E90A-F177-4D9A-A438-ED6DF7AD9826}.Debug|x64.Build.0 = Debug|x64
		{2B56E90A-F177-4D9A-A438-ED6DF7AD9826}.Debug|x86.ActiveCfg = Debug|x86
		{2B56E90A-F177-4D9A-A438-ED6DF7AD9826}.Debug|x86.Build.0 = Debug|x86
		{2B56E90A-F177-4D9A-A438-ED6DF7AD9826}.Release|AnyCPU.ActiveCfg = Release|AnyCPU
		{2B56E90A-F177-4D9A-A438-ED6DF7AD9826}.Release|AnyCPU.Build.0 = Release|AnyCPU
		{2B56E90A-F177-4D9A-A438-ED6DF7AD9826}.Release|ARM.ActiveCfg = Release|ARM
		{2B56E90A-F177-4D9A-A438-ED6DF7AD9826}.Release|ARM.Build.0 = Release|ARM
		{2B56E90A-F177-4D9A-A438-ED6DF7AD9826}.Release|Mixed Platforms.ActiveCfg = Release|x86
		{2B56E90A-F177-4D9A-A438-ED6DF7AD9826}.Release|Mixed Platforms.Build.0 = Release|x86
		{2B56E90A-F177-4D9A-A438-ED6DF7AD9826}.Release|x64.ActiveCfg = Release|x64
		{2B56E90A-F177-4D9A-A438-ED6DF7AD9826}.Release|x64.Build.0 = Release|x64
		{2B56E90A-F177-4D9A-A438-ED6DF7AD9826}.Release|x86.ActiveCfg = Release|x86
		{2B56E90A-F177-4D9A-A438-ED6DF7AD9826}.Release|x86.Build.0 = Release|x86
		{4439717A-5A75-4BD0-A37D-191A2000C90A}.Debug|AnyCPU.ActiveCfg = Debug|AnyCPU
		{4439717A-5A75-4BD0-A37D-191A2000C90A}.Debug|AnyCPU.Build.0 = Debug|AnyCPU
		{4439717A-5A75-4BD0-A37D-191A2000C90A}.Debug|ARM.ActiveCfg = Debug|ARM
		{4439717A-5A75-4BD0-A37D-191A2000C90A}.Debug|ARM.Build.0 = Debug|ARM
		{4439717A-5A75-4BD0-A37D-191A2000C90A}.Debug|Mixed Platforms.ActiveCfg = Debug|x86
		{4439717A-5A75-4BD0-A37D-191A2000C90A}.Debug|Mixed Platforms.Build.0 = Debug|x86
		{4439717A-5A75-4BD0-A37D-191A2000C90A}.Debug|x64.ActiveCfg = Debug|AnyCPU
		{4439717A-5A75-4BD0-A37D-191A2000C90A}.Debug|x86.ActiveCfg = Debug|x86
		{4439717A-5A75-4BD0-A37D-191A2000C90A}.Debug|x86.Build.0 = Debug|x86
		{4439717A-5A75-4BD0-A37D-191A2000C90A}.Release|AnyCPU.ActiveCfg = Release|AnyCPU
		{4439717A-5A75-4BD0-A37D-191A2000C90A}.Release|AnyCPU.Build.0 = Release|AnyCPU
		{4439717A-5A75-4BD0-A37D-191A2000C90A}.Release|ARM.ActiveCfg = Release|ARM
		{4439717A-5A75-4BD0-A37D-191A2000C90A}.Release|ARM.Build.0 = Release|ARM
		{4439717A-5A75-4BD0-A37D-191A2000C90A}.Release|Mixed Platforms.ActiveCfg = Release|x86
		{4439717A-5A75-4BD0-A37D-191A2000C90A}.Release|Mixed Platforms.Build.0 = Release|x86
		{4439717A-5A75-4BD0-A37D-191A2000C90A}.Release|x64.ActiveCfg = Release|AnyCPU
		{4439717A-5A75-4BD0-A37D-191A2000C90A}.Release|x86.ActiveCfg = Release|x86
		{4439717A-5A75-4BD0-A37D-191A2000C90A}.Release|x86.Build.0 = Release|x86
		{15939BAF-3D02-4074-A4F1-6ADBD2A5F28D}.Debug|AnyCPU.ActiveCfg = Debug
		{15939BAF-3D02-4074-A4F1-6ADBD2A5F28D}.Debug|AnyCPU.Build.0 = Debug
		{15939BAF-3D02-4074-A4F1-6ADBD2A5F28D}.Debug|ARM.ActiveCfg = Debug
		{15939BAF-3D02-4074-A4F1-6ADBD2A5F28D}.Debug|ARM.Build.0 = Debug
		{15939BAF-3D02-4074-A4F1-6ADBD2A5F28D}.Debug|Mixed Platforms.ActiveCfg = Debug
		{15939BAF-3D02-4074-A4F1-6ADBD2A5F28D}.Debug|Mixed Platforms.Build.0 = Debug
		{15939BAF-3D02-4074-A4F1-6ADBD2A5F28D}.Debug|x64.ActiveCfg = Debug
		{15939BAF-3D02-4074-A4F1-6ADBD2A5F28D}.Debug|x64.Build.0 = Debug
		{15939BAF-3D02-4074-A4F1-6ADBD2A5F28D}.Debug|x86.ActiveCfg = Debug
		{15939BAF-3D02-4074-A4F1-6ADBD2A5F28D}.Debug|x86.Build.0 = Debug
		{15939BAF-3D02-4074-A4F1-6ADBD2A5F28D}.Release|AnyCPU.ActiveCfg = Release
		{15939BAF-3D02-4074-A4F1-6ADBD2A5F28D}.Release|AnyCPU.Build.0 = Release
		{15939BAF-3D02-4074-A4F1-6ADBD2A5F28D}.Release|ARM.ActiveCfg = Release
		{15939BAF-3D02-4074-A4F1-6ADBD2A5F28D}.Release|ARM.Build.0 = Release
		{15939BAF-3D02-4074-A4F1-6ADBD2A5F28D}.Release|Mixed Platforms.ActiveCfg = Release
		{15939BAF-3D02-4074-A4F1-6ADBD2A5F28D}.Release|Mixed Platforms.Build.0 = Release
		{15939BAF-3D02-4074-A4F1-6ADBD2A5F28D}.Release|x64.ActiveCfg = Release
		{15939BAF-3D02-4074-A4F1-6ADBD2A5F28D}.Release|x64.Build.0 = Release
		{15939BAF-3D02-4074-A4F1-6ADBD2A5F28D}.Release|x86.ActiveCfg = Release
		{15939BAF-3D02-4074-A4F1-6ADBD2A5F28D}.Release|x86.Build.0 = Release
		{0D5B253D-762B-42D9-BFD2-3C217E07CF52}.Debug|AnyCPU.ActiveCfg = Debug
		{0D5B253D-762B-42D9-BFD2-3C217E07CF52}.Debug|AnyCPU.Build.0 = Debug
		{0D5B253D-762B-42D9-BFD2-3C217E07CF52}.Debug|ARM.ActiveCfg = Debug
		{0D5B253D-762B-42D9-BFD2-3C217E07CF52}.Debug|ARM.Build.0 = Debug
		{0D5B253D-762B-42D9-BFD2-3C217E07CF52}.Debug|Mixed Platforms.ActiveCfg = Debug
		{0D5B253D-762B-42D9-BFD2-3C217E07CF52}.Debug|Mixed Platforms.Build.0 = Debug
		{0D5B253D-762B-42D9-BFD2-3C217E07CF52}.Debug|x64.ActiveCfg = Debug
		{0D5B253D-762B-42D9-BFD2-3C217E07CF52}.Debug|x64.Build.0 = Debug
		{0D5B253D-762B-42D9-BFD2-3C217E07CF52}.Debug|x86.ActiveCfg = Debug
		{0D5B253D-762B-42D9-BFD2-3C217E07CF52}.Debug|x86.Build.0 = Debug
		{0D5B253D-762B-42D9-BFD2-3C217E07CF52}.Release|AnyCPU.ActiveCfg = Release
		{0D5B253D-762B-42D9-BFD2-3C217E07CF52}.Release|AnyCPU.Build.0 = Release
		{0D5B253D-762B-42D9-BFD2-3C217E07CF52}.Release|ARM.ActiveCfg = Release
		{0D5B253D-762B-42D9-BFD2-3C217E07CF52}.Release|ARM.Build.0 = Release
		{0D5B253D-762B-42D9-BFD2-3C217E07CF52}.Release|Mixed Platforms.ActiveCfg = Release
		{0D5B253D-762B-42D9-BFD2-3C217E07CF52}.Release|Mixed Platforms.Build.0 = Release
		{0D5B253D-762B-42D9-BFD2-3C217E07CF52}.Release|x64.ActiveCfg = Release
		{0D5B253D-762B-42D9-BFD2-3C217E07CF52}.Release|x64.Build.0 = Release
		{0D5B253D-762B-42D9-BFD2-3C217E07CF52}.Release|x86.ActiveCfg = Release
		{0D5B253D-762B-42D9-BFD2-3C217E07CF52}.Release|x86.Build.0 = Release
	EndGlobalSection
	GlobalSection(SolutionProperties) = preSolution
		HideSolutionNode = FALSE
	EndGlobalSection
EndGlobal
