Microsoft Visual Studio Solution File, Format Version 12.00
# Visual Studio 14
VisualStudioVersion = 14.0.23107.0
MinimumVisualStudioVersion = 10.0.40219.1
Project("{656346D9-4656-40DA-A068-22D5425D4639}") = "Sugar.Echoes.Test", "Sugar.Tests\Sugar.Echoes.Test.elements", "{9F930A22-BE43-4D5A-83F6-4AFC91282E23}"
EndProject
Project("{656346D9-4656-40DA-A068-22D5425D4639}") = "Sugar.Cooper.Android.Test", "Sugar.Tests\Sugar.Cooper.Android.Test.elements", "{FCF05218-9631-4C24-A6B7-8C78434CAD94}"
EndProject
Project("{656346D9-4656-40DA-A068-22D5425D4639}") = "Sugar.Nougat.iOS.Test", "Sugar.Tests\Sugar.Nougat.iOS.Test.elements", "{E8CDF7D0-43B8-48F4-A06D-37748B1FA463}"
EndProject
Project("{656346D9-4656-40DA-A068-22D5425D4639}") = "Sugar.Nougat.OSX.Test", "Sugar.Tests\Sugar.Nougat.OSX.Test.elements", "{E05279DE-3031-4A1D-8C31-FF14BA511F66}"
EndProject
Project("{656346D9-4656-40DA-A068-22D5425D4639}") = "Sugar.Echoes.WinRT.Test", "Sugar.Tests\Sugar.Echoes.WinRT.Test.elements", "{90B9F375-6C66-4316-81D7-7E549C959B30}"
EndProject
Project("{656346D9-4656-40DA-A068-22D5425D4639}") = "Sugar.Echoes.WP8.Test", "Sugar.Tests\Main\WP8\Sugar.Echoes.WP8.Test.elements", "{EF1654E8-F2E2-43A2-888A-EB1CB177F75A}"
EndProject
Project("{656346D9-4656-40DA-A068-22D5425D4639}") = "Sugar.Cooper.Test", "Sugar.Tests\Sugar.Cooper.Test.elements", "{D6D563F4-0983-4AB5-B167-3E684B6080B2}"
EndProject
Project("{656346D9-4656-40DA-A068-22D5425D4639}") = "Sugar.Shared.Test", "Sugar.Tests\Sugar.Shared.Test..elements", "{6636F222-6B54-43EF-B3AE-FE4E319449CB}"
EndProject
Global
	GlobalSection(SolutionConfigurationPlatforms) = preSolution
		Debug|AnyCPU = Debug|AnyCPU
		Debug|ARM = Debug|ARM
		Debug|Mixed Platforms = Debug|Mixed Platforms
		Debug|x64 = Debug|x64
		Debug|x86 = Debug|x86
		Release|AnyCPU = Release|AnyCPU
		Release|ARM = Release|ARM
		Release|Mixed Platforms = Release|Mixed Platforms
		Release|x64 = Release|x64
		Release|x86 = Release|x86
	EndGlobalSection
	GlobalSection(ProjectConfigurationPlatforms) = postSolution
		{9F930A22-BE43-4D5A-83F6-4AFC91282E23}.Debug|AnyCPU.ActiveCfg = Debug
		{9F930A22-BE43-4D5A-83F6-4AFC91282E23}.Debug|AnyCPU.Build.0 = Debug
		{9F930A22-BE43-4D5A-83F6-4AFC91282E23}.Debug|ARM.ActiveCfg = Debug
		{9F930A22-BE43-4D5A-83F6-4AFC91282E23}.Debug|ARM.Build.0 = Debug
		{9F930A22-BE43-4D5A-83F6-4AFC91282E23}.Debug|Mixed Platforms.ActiveCfg = Debug
		{9F930A22-BE43-4D5A-83F6-4AFC91282E23}.Debug|Mixed Platforms.Build.0 = Debug
		{9F930A22-BE43-4D5A-83F6-4AFC91282E23}.Debug|x64.ActiveCfg = Debug
		{9F930A22-BE43-4D5A-83F6-4AFC91282E23}.Debug|x64.Build.0 = Debug
		{9F930A22-BE43-4D5A-83F6-4AFC91282E23}.Debug|x86.ActiveCfg = Debug
		{9F930A22-BE43-4D5A-83F6-4AFC91282E23}.Debug|x86.Build.0 = Debug
		{9F930A22-BE43-4D5A-83F6-4AFC91282E23}.Release|AnyCPU.ActiveCfg = Release
		{9F930A22-BE43-4D5A-83F6-4AFC91282E23}.Release|AnyCPU.Build.0 = Release
		{9F930A22-BE43-4D5A-83F6-4AFC91282E23}.Release|ARM.ActiveCfg = Release
		{9F930A22-BE43-4D5A-83F6-4AFC91282E23}.Release|ARM.Build.0 = Release
		{9F930A22-BE43-4D5A-83F6-4AFC91282E23}.Release|Mixed Platforms.ActiveCfg = Release
		{9F930A22-BE43-4D5A-83F6-4AFC91282E23}.Release|Mixed Platforms.Build.0 = Release
		{9F930A22-BE43-4D5A-83F6-4AFC91282E23}.Release|x64.ActiveCfg = Release
		{9F930A22-BE43-4D5A-83F6-4AFC91282E23}.Release|x64.Build.0 = Release
		{9F930A22-BE43-4D5A-83F6-4AFC91282E23}.Release|x86.ActiveCfg = Release
		{9F930A22-BE43-4D5A-83F6-4AFC91282E23}.Release|x86.Build.0 = Release
		{FCF05218-9631-4C24-A6B7-8C78434CAD94}.Debug|AnyCPU.ActiveCfg = Debug
		{FCF05218-9631-4C24-A6B7-8C78434CAD94}.Debug|AnyCPU.Build.0 = Debug
		{FCF05218-9631-4C24-A6B7-8C78434CAD94}.Debug|ARM.ActiveCfg = Debug
		{FCF05218-9631-4C24-A6B7-8C78434CAD94}.Debug|ARM.Build.0 = Debug
		{FCF05218-9631-4C24-A6B7-8C78434CAD94}.Debug|Mixed Platforms.ActiveCfg = Debug
		{FCF05218-9631-4C24-A6B7-8C78434CAD94}.Debug|Mixed Platforms.Build.0 = Debug
		{FCF05218-9631-4C24-A6B7-8C78434CAD94}.Debug|x64.ActiveCfg = Debug
		{FCF05218-9631-4C24-A6B7-8C78434CAD94}.Debug|x64.Build.0 = Debug
		{FCF05218-9631-4C24-A6B7-8C78434CAD94}.Debug|x86.ActiveCfg = Debug
		{FCF05218-9631-4C24-A6B7-8C78434CAD94}.Debug|x86.Build.0 = Debug
		{FCF05218-9631-4C24-A6B7-8C78434CAD94}.Release|AnyCPU.ActiveCfg = Release
		{FCF05218-9631-4C24-A6B7-8C78434CAD94}.Release|AnyCPU.Build.0 = Release
		{FCF05218-9631-4C24-A6B7-8C78434CAD94}.Release|ARM.ActiveCfg = Release
		{FCF05218-9631-4C24-A6B7-8C78434CAD94}.Release|ARM.Build.0 = Release
		{FCF05218-9631-4C24-A6B7-8C78434CAD94}.Release|Mixed Platforms.ActiveCfg = Release
		{FCF05218-9631-4C24-A6B7-8C78434CAD94}.Release|Mixed Platforms.Build.0 = Release
		{FCF05218-9631-4C24-A6B7-8C78434CAD94}.Release|x64.ActiveCfg = Release
		{FCF05218-9631-4C24-A6B7-8C78434CAD94}.Release|x64.Build.0 = Release
		{FCF05218-9631-4C24-A6B7-8C78434CAD94}.Release|x86.ActiveCfg = Release
		{FCF05218-9631-4C24-A6B7-8C78434CAD94}.Release|x86.Build.0 = Release
		{E8CDF7D0-43B8-48F4-A06D-37748B1FA463}.Debug|AnyCPU.ActiveCfg = Debug
		{E8CDF7D0-43B8-48F4-A06D-37748B1FA463}.Debug|AnyCPU.Build.0 = Debug
		{E8CDF7D0-43B8-48F4-A06D-37748B1FA463}.Debug|ARM.ActiveCfg = Debug
		{E8CDF7D0-43B8-48F4-A06D-37748B1FA463}.Debug|ARM.Build.0 = Debug
		{E8CDF7D0-43B8-48F4-A06D-37748B1FA463}.Debug|Mixed Platforms.ActiveCfg = Debug
		{E8CDF7D0-43B8-48F4-A06D-37748B1FA463}.Debug|Mixed Platforms.Build.0 = Debug
		{E8CDF7D0-43B8-48F4-A06D-37748B1FA463}.Debug|x64.ActiveCfg = Debug
		{E8CDF7D0-43B8-48F4-A06D-37748B1FA463}.Debug|x64.Build.0 = Debug
		{E8CDF7D0-43B8-48F4-A06D-37748B1FA463}.Debug|x86.ActiveCfg = Debug
		{E8CDF7D0-43B8-48F4-A06D-37748B1FA463}.Debug|x86.Build.0 = Debug
		{E8CDF7D0-43B8-48F4-A06D-37748B1FA463}.Release|AnyCPU.ActiveCfg = Release
		{E8CDF7D0-43B8-48F4-A06D-37748B1FA463}.Release|AnyCPU.Build.0 = Release
		{E8CDF7D0-43B8-48F4-A06D-37748B1FA463}.Release|ARM.ActiveCfg = Release
		{E8CDF7D0-43B8-48F4-A06D-37748B1FA463}.Release|ARM.Build.0 = Release
		{E8CDF7D0-43B8-48F4-A06D-37748B1FA463}.Release|Mixed Platforms.ActiveCfg = Release
		{E8CDF7D0-43B8-48F4-A06D-37748B1FA463}.Release|Mixed Platforms.Build.0 = Release
		{E8CDF7D0-43B8-48F4-A06D-37748B1FA463}.Release|x64.ActiveCfg = Release
		{E8CDF7D0-43B8-48F4-A06D-37748B1FA463}.Release|x64.Build.0 = Release
		{E8CDF7D0-43B8-48F4-A06D-37748B1FA463}.Release|x86.ActiveCfg = Release
		{E8CDF7D0-43B8-48F4-A06D-37748B1FA463}.Release|x86.Build.0 = Release
		{E05279DE-3031-4A1D-8C31-FF14BA511F66}.Debug|AnyCPU.ActiveCfg = Debug
		{E05279DE-3031-4A1D-8C31-FF14BA511F66}.Debug|AnyCPU.Build.0 = Debug
		{E05279DE-3031-4A1D-8C31-FF14BA511F66}.Debug|ARM.ActiveCfg = Debug
		{E05279DE-3031-4A1D-8C31-FF14BA511F66}.Debug|ARM.Build.0 = Debug
		{E05279DE-3031-4A1D-8C31-FF14BA511F66}.Debug|Mixed Platforms.ActiveCfg = Debug
		{E05279DE-3031-4A1D-8C31-FF14BA511F66}.Debug|Mixed Platforms.Build.0 = Debug
		{E05279DE-3031-4A1D-8C31-FF14BA511F66}.Debug|x64.ActiveCfg = Debug
		{E05279DE-3031-4A1D-8C31-FF14BA511F66}.Debug|x64.Build.0 = Debug
		{E05279DE-3031-4A1D-8C31-FF14BA511F66}.Debug|x86.ActiveCfg = Debug
		{E05279DE-3031-4A1D-8C31-FF14BA511F66}.Debug|x86.Build.0 = Debug
		{E05279DE-3031-4A1D-8C31-FF14BA511F66}.Release|AnyCPU.ActiveCfg = Release
		{E05279DE-3031-4A1D-8C31-FF14BA511F66}.Release|AnyCPU.Build.0 = Release
		{E05279DE-3031-4A1D-8C31-FF14BA511F66}.Release|ARM.ActiveCfg = Release
		{E05279DE-3031-4A1D-8C31-FF14BA511F66}.Release|ARM.Build.0 = Release
		{E05279DE-3031-4A1D-8C31-FF14BA511F66}.Release|Mixed Platforms.ActiveCfg = Release
		{E05279DE-3031-4A1D-8C31-FF14BA511F66}.Release|Mixed Platforms.Build.0 = Release
		{E05279DE-3031-4A1D-8C31-FF14BA511F66}.Release|x64.ActiveCfg = Release
		{E05279DE-3031-4A1D-8C31-FF14BA511F66}.Release|x64.Build.0 = Release
		{E05279DE-3031-4A1D-8C31-FF14BA511F66}.Release|x86.ActiveCfg = Release
		{E05279DE-3031-4A1D-8C31-FF14BA511F66}.Release|x86.Build.0 = Release
		{90B9F375-6C66-4316-81D7-7E549C959B30}.Debug|AnyCPU.ActiveCfg = Debug|AnyCPU
		{90B9F375-6C66-4316-81D7-7E549C959B30}.Debug|AnyCPU.Build.0 = Debug|AnyCPU
		{90B9F375-6C66-4316-81D7-7E549C959B30}.Debug|AnyCPU.Deploy.0 = Debug|AnyCPU
		{90B9F375-6C66-4316-81D7-7E549C959B30}.Debug|ARM.ActiveCfg = Debug|ARM
		{90B9F375-6C66-4316-81D7-7E549C959B30}.Debug|ARM.Build.0 = Debug|ARM
		{90B9F375-6C66-4316-81D7-7E549C959B30}.Debug|ARM.Deploy.0 = Debug|ARM
		{90B9F375-6C66-4316-81D7-7E549C959B30}.Debug|Mixed Platforms.ActiveCfg = Debug|x86
		{90B9F375-6C66-4316-81D7-7E549C959B30}.Debug|Mixed Platforms.Build.0 = Debug|x86
		{90B9F375-6C66-4316-81D7-7E549C959B30}.Debug|Mixed Platforms.Deploy.0 = Debug|x86
		{90B9F375-6C66-4316-81D7-7E549C959B30}.Debug|x64.ActiveCfg = Debug|x64
		{90B9F375-6C66-4316-81D7-7E549C959B30}.Debug|x64.Build.0 = Debug|x64
		{90B9F375-6C66-4316-81D7-7E549C959B30}.Debug|x64.Deploy.0 = Debug|x64
		{90B9F375-6C66-4316-81D7-7E549C959B30}.Debug|x86.ActiveCfg = Debug|x86
		{90B9F375-6C66-4316-81D7-7E549C959B30}.Debug|x86.Build.0 = Debug|x86
		{90B9F375-6C66-4316-81D7-7E549C959B30}.Debug|x86.Deploy.0 = Debug|x86
		{90B9F375-6C66-4316-81D7-7E549C959B30}.Release|AnyCPU.ActiveCfg = Release|AnyCPU
		{90B9F375-6C66-4316-81D7-7E549C959B30}.Release|AnyCPU.Build.0 = Release|AnyCPU
		{90B9F375-6C66-4316-81D7-7E549C959B30}.Release|AnyCPU.Deploy.0 = Release|AnyCPU
		{90B9F375-6C66-4316-81D7-7E549C959B30}.Release|ARM.ActiveCfg = Release|ARM
		{90B9F375-6C66-4316-81D7-7E549C959B30}.Release|ARM.Build.0 = Release|ARM
		{90B9F375-6C66-4316-81D7-7E549C959B30}.Release|ARM.Deploy.0 = Release|ARM
		{90B9F375-6C66-4316-81D7-7E549C959B30}.Release|Mixed Platforms.ActiveCfg = Release|x86
		{90B9F375-6C66-4316-81D7-7E549C959B30}.Release|Mixed Platforms.Build.0 = Release|x86
		{90B9F375-6C66-4316-81D7-7E549C959B30}.Release|Mixed Platforms.Deploy.0 = Release|x86
		{90B9F375-6C66-4316-81D7-7E549C959B30}.Release|x64.ActiveCfg = Release|x64
		{90B9F375-6C66-4316-81D7-7E549C959B30}.Release|x64.Build.0 = Release|x64
		{90B9F375-6C66-4316-81D7-7E549C959B30}.Release|x64.Deploy.0 = Release|x64
		{90B9F375-6C66-4316-81D7-7E549C959B30}.Release|x86.ActiveCfg = Release|x86
		{90B9F375-6C66-4316-81D7-7E549C959B30}.Release|x86.Build.0 = Release|x86
		{90B9F375-6C66-4316-81D7-7E549C959B30}.Release|x86.Deploy.0 = Release|x86
		{EF1654E8-F2E2-43A2-888A-EB1CB177F75A}.Debug|AnyCPU.ActiveCfg = Debug|AnyCPU
		{EF1654E8-F2E2-43A2-888A-EB1CB177F75A}.Debug|AnyCPU.Build.0 = Debug|AnyCPU
		{EF1654E8-F2E2-43A2-888A-EB1CB177F75A}.Debug|AnyCPU.Deploy.0 = Debug|AnyCPU
		{EF1654E8-F2E2-43A2-888A-EB1CB177F75A}.Debug|ARM.ActiveCfg = Debug|ARM
		{EF1654E8-F2E2-43A2-888A-EB1CB177F75A}.Debug|ARM.Build.0 = Debug|ARM
		{EF1654E8-F2E2-43A2-888A-EB1CB177F75A}.Debug|ARM.Deploy.0 = Debug|ARM
		{EF1654E8-F2E2-43A2-888A-EB1CB177F75A}.Debug|Mixed Platforms.ActiveCfg = Debug|x86
		{EF1654E8-F2E2-43A2-888A-EB1CB177F75A}.Debug|Mixed Platforms.Build.0 = Debug|x86
		{EF1654E8-F2E2-43A2-888A-EB1CB177F75A}.Debug|Mixed Platforms.Deploy.0 = Debug|x86
		{EF1654E8-F2E2-43A2-888A-EB1CB177F75A}.Debug|x64.ActiveCfg = Debug|AnyCPU
		{EF1654E8-F2E2-43A2-888A-EB1CB177F75A}.Debug|x64.Build.0 = Debug|AnyCPU
		{EF1654E8-F2E2-43A2-888A-EB1CB177F75A}.Debug|x64.Deploy.0 = Debug|AnyCPU
		{EF1654E8-F2E2-43A2-888A-EB1CB177F75A}.Debug|x86.ActiveCfg = Debug|x86
		{EF1654E8-F2E2-43A2-888A-EB1CB177F75A}.Debug|x86.Build.0 = Debug|x86
		{EF1654E8-F2E2-43A2-888A-EB1CB177F75A}.Debug|x86.Deploy.0 = Debug|x86
		{EF1654E8-F2E2-43A2-888A-EB1CB177F75A}.Release|AnyCPU.ActiveCfg = Release|AnyCPU
		{EF1654E8-F2E2-43A2-888A-EB1CB177F75A}.Release|AnyCPU.Build.0 = Release|AnyCPU
		{EF1654E8-F2E2-43A2-888A-EB1CB177F75A}.Release|AnyCPU.Deploy.0 = Release|AnyCPU
		{EF1654E8-F2E2-43A2-888A-EB1CB177F75A}.Release|ARM.ActiveCfg = Release|ARM
		{EF1654E8-F2E2-43A2-888A-EB1CB177F75A}.Release|ARM.Build.0 = Release|ARM
		{EF1654E8-F2E2-43A2-888A-EB1CB177F75A}.Release|ARM.Deploy.0 = Release|ARM
		{EF1654E8-F2E2-43A2-888A-EB1CB177F75A}.Release|Mixed Platforms.ActiveCfg = Release|x86
		{EF1654E8-F2E2-43A2-888A-EB1CB177F75A}.Release|Mixed Platforms.Build.0 = Release|x86
		{EF1654E8-F2E2-43A2-888A-EB1CB177F75A}.Release|Mixed Platforms.Deploy.0 = Release|x86
		{EF1654E8-F2E2-43A2-888A-EB1CB177F75A}.Release|x64.ActiveCfg = Release|AnyCPU
		{EF1654E8-F2E2-43A2-888A-EB1CB177F75A}.Release|x64.Build.0 = Release|AnyCPU
		{EF1654E8-F2E2-43A2-888A-EB1CB177F75A}.Release|x64.Deploy.0 = Release|AnyCPU
		{EF1654E8-F2E2-43A2-888A-EB1CB177F75A}.Release|x86.ActiveCfg = Release|x86
		{EF1654E8-F2E2-43A2-888A-EB1CB177F75A}.Release|x86.Build.0 = Release|x86
		{EF1654E8-F2E2-43A2-888A-EB1CB177F75A}.Release|x86.Deploy.0 = Release|x86
		{D6D563F4-0983-4AB5-B167-3E684B6080B2}.Debug|AnyCPU.ActiveCfg = Debug
		{D6D563F4-0983-4AB5-B167-3E684B6080B2}.Debug|AnyCPU.Build.0 = Debug
		{D6D563F4-0983-4AB5-B167-3E684B6080B2}.Debug|ARM.ActiveCfg = Debug
		{D6D563F4-0983-4AB5-B167-3E684B6080B2}.Debug|ARM.Build.0 = Debug
		{D6D563F4-0983-4AB5-B167-3E684B6080B2}.Debug|Mixed Platforms.ActiveCfg = Debug
		{D6D563F4-0983-4AB5-B167-3E684B6080B2}.Debug|Mixed Platforms.Build.0 = Debug
		{D6D563F4-0983-4AB5-B167-3E684B6080B2}.Debug|x64.ActiveCfg = Debug
		{D6D563F4-0983-4AB5-B167-3E684B6080B2}.Debug|x64.Build.0 = Debug
		{D6D563F4-0983-4AB5-B167-3E684B6080B2}.Debug|x86.ActiveCfg = Debug
		{D6D563F4-0983-4AB5-B167-3E684B6080B2}.Debug|x86.Build.0 = Debug
		{D6D563F4-0983-4AB5-B167-3E684B6080B2}.Release|AnyCPU.ActiveCfg = Release
		{D6D563F4-0983-4AB5-B167-3E684B6080B2}.Release|AnyCPU.Build.0 = Release
		{D6D563F4-0983-4AB5-B167-3E684B6080B2}.Release|ARM.ActiveCfg = Release
		{D6D563F4-0983-4AB5-B167-3E684B6080B2}.Release|ARM.Build.0 = Release
		{D6D563F4-0983-4AB5-B167-3E684B6080B2}.Release|Mixed Platforms.ActiveCfg = Release
		{D6D563F4-0983-4AB5-B167-3E684B6080B2}.Release|Mixed Platforms.Build.0 = Release
		{D6D563F4-0983-4AB5-B167-3E684B6080B2}.Release|x64.ActiveCfg = Release
		{D6D563F4-0983-4AB5-B167-3E684B6080B2}.Release|x64.Build.0 = Release
		{D6D563F4-0983-4AB5-B167-3E684B6080B2}.Release|x86.ActiveCfg = Release
		{D6D563F4-0983-4AB5-B167-3E684B6080B2}.Release|x86.Build.0 = Release
	EndGlobalSection
	GlobalSection(SolutionProperties) = preSolution
		HideSolutionNode = FALSE
	EndGlobalSection
EndGlobal
