
Microsoft Visual Studio Solution File, Format Version 12.00
# RemObjects Fire
Project("{656346D9-4656-40DA-A068-22D5425D4639}") = "Sugar.Cooper", "Sugar\Sugar.Cooper.oxygene", "{D1EE6C41-515B-4175-873F-EE188AC43450}"
EndProject
Project("{656346D9-4656-40DA-A068-22D5425D4639}") = "Sugar.Cooper.Android", "Sugar\Sugar.Cooper.Android.oxygene", "{8DAC177A-64EB-4175-AC9C-E6B121B6F34B}"
EndProject
Project("{656346D9-4656-40DA-A068-22D5425D4639}") = "Sugar.Echoes", "Sugar\Sugar.Echoes.oxygene", "{79301A0C-1F95-4FB0-9605-207E288C6171}"
EndProject
Project("{656346D9-4656-40DA-A068-22D5425D4639}") = "Sugar.Echoes.WP8", "Sugar\Sugar.Echoes.WP8.oxygene", "{BD5D51E2-B11A-4356-9450-64566F8CDC38}"
EndProject
Project("{656346D9-4656-40DA-A068-22D5425D4639}") = "Sugar.Echoes.WinRT", "Sugar\Sugar.Echoes.WinRT.oxygene", "{3AB69816-9882-4FA6-ABE5-C146199F5279}"
EndProject
Project("{656346D9-4656-40DA-A068-22D5425D4639}") = "Sugar.Nougat.OSX", "Sugar\Sugar.Nougat.OSX.oxygene", "{AB7AB88B-2370-43BF-844B-54D015DA9E57}"
EndProject
Project("{656346D9-4656-40DA-A068-22D5425D4639}") = "Sugar.Nougat.iOS", "Sugar\Sugar.Nougat.iOS.oxygene", "{91B301FC-331E-48A7-803B-4CBE3FFF6ED7}"
EndProject
Project("{656346D9-4656-40DA-A068-22D5425D4639}") = "Sugar.Shared", "Sugar\Sugar.Shared.elements", "{719BEFD9-F514-42FD-8DA1-172697C756D2}"
EndProject
Global
	GlobalSection(SolutionConfigurationPlatforms) = preSolution
		Debug|AnyCPU = Debug|AnyCPU
		Debug|x86 = Debug|x86
		Debug|ARM = Debug|ARM
		Debug|x64 = Debug|x64
		Release|AnyCPU = Release|AnyCPU
		Release|x86 = Release|x86
		Release|ARM = Release|ARM
		Release|x64 = Release|x64
	EndGlobalSection
	GlobalSection(ProjectConfigurationPlatforms) = postSolution
		{D1EE6C41-515B-4175-873F-EE188AC43450}.Debug|AnyCPU.ActiveCfg = Debug|AnyCPU
		{D1EE6C41-515B-4175-873F-EE188AC43450}.Debug|AnyCPU.Build.0 = Debug|AnyCPU
		{D1EE6C41-515B-4175-873F-EE188AC43450}.Debug|x86.ActiveCfg = Debug|x86
		{D1EE6C41-515B-4175-873F-EE188AC43450}.Debug|x86.Build.0 = Debug|x86
		{D1EE6C41-515B-4175-873F-EE188AC43450}.Debug|ARM.ActiveCfg = Debug|ARM
		{D1EE6C41-515B-4175-873F-EE188AC43450}.Debug|ARM.Build.0 = Debug|ARM
		{D1EE6C41-515B-4175-873F-EE188AC43450}.Debug|x64.ActiveCfg = Debug|x64
		{D1EE6C41-515B-4175-873F-EE188AC43450}.Debug|x64.Build.0 = Debug|x64
		{D1EE6C41-515B-4175-873F-EE188AC43450}.Release|AnyCPU.ActiveCfg = Release|AnyCPU
		{D1EE6C41-515B-4175-873F-EE188AC43450}.Release|AnyCPU.Build.0 = Release|AnyCPU
		{D1EE6C41-515B-4175-873F-EE188AC43450}.Release|x86.ActiveCfg = Release|x86
		{D1EE6C41-515B-4175-873F-EE188AC43450}.Release|x86.Build.0 = Release|x86
		{D1EE6C41-515B-4175-873F-EE188AC43450}.Release|ARM.ActiveCfg = Release|ARM
		{D1EE6C41-515B-4175-873F-EE188AC43450}.Release|ARM.Build.0 = Release|ARM
		{D1EE6C41-515B-4175-873F-EE188AC43450}.Release|x64.ActiveCfg = Release|x64
		{D1EE6C41-515B-4175-873F-EE188AC43450}.Release|x64.Build.0 = Release|x64
		{8DAC177A-64EB-4175-AC9C-E6B121B6F34B}.Debug|AnyCPU.ActiveCfg = Debug|AnyCPU
		{8DAC177A-64EB-4175-AC9C-E6B121B6F34B}.Debug|AnyCPU.Build.0 = Debug|AnyCPU
		{8DAC177A-64EB-4175-AC9C-E6B121B6F34B}.Debug|x86.ActiveCfg = Debug|x86
		{8DAC177A-64EB-4175-AC9C-E6B121B6F34B}.Debug|x86.Build.0 = Debug|x86
		{8DAC177A-64EB-4175-AC9C-E6B121B6F34B}.Debug|ARM.ActiveCfg = Debug|ARM
		{8DAC177A-64EB-4175-AC9C-E6B121B6F34B}.Debug|ARM.Build.0 = Debug|ARM
		{8DAC177A-64EB-4175-AC9C-E6B121B6F34B}.Debug|x64.ActiveCfg = Debug|x64
		{8DAC177A-64EB-4175-AC9C-E6B121B6F34B}.Debug|x64.Build.0 = Debug|x64
		{8DAC177A-64EB-4175-AC9C-E6B121B6F34B}.Release|AnyCPU.ActiveCfg = Release|AnyCPU
		{8DAC177A-64EB-4175-AC9C-E6B121B6F34B}.Release|AnyCPU.Build.0 = Release|AnyCPU
		{8DAC177A-64EB-4175-AC9C-E6B121B6F34B}.Release|x86.ActiveCfg = Release|x86
		{8DAC177A-64EB-4175-AC9C-E6B121B6F34B}.Release|x86.Build.0 = Release|x86
		{8DAC177A-64EB-4175-AC9C-E6B121B6F34B}.Release|ARM.ActiveCfg = Release|ARM
		{8DAC177A-64EB-4175-AC9C-E6B121B6F34B}.Release|ARM.Build.0 = Release|ARM
		{8DAC177A-64EB-4175-AC9C-E6B121B6F34B}.Release|x64.ActiveCfg = Release|x64
		{8DAC177A-64EB-4175-AC9C-E6B121B6F34B}.Release|x64.Build.0 = Release|x64
		{79301A0C-1F95-4FB0-9605-207E288C6171}.Debug|AnyCPU.ActiveCfg = Debug|AnyCPU
		{79301A0C-1F95-4FB0-9605-207E288C6171}.Debug|AnyCPU.Build.0 = Debug|AnyCPU
		{79301A0C-1F95-4FB0-9605-207E288C6171}.Debug|x86.ActiveCfg = Debug|x86
		{79301A0C-1F95-4FB0-9605-207E288C6171}.Debug|x86.Build.0 = Debug|x86
		{79301A0C-1F95-4FB0-9605-207E288C6171}.Debug|ARM.ActiveCfg = Debug|ARM
		{79301A0C-1F95-4FB0-9605-207E288C6171}.Debug|ARM.Build.0 = Debug|ARM
		{79301A0C-1F95-4FB0-9605-207E288C6171}.Debug|x64.ActiveCfg = Debug|x64
		{79301A0C-1F95-4FB0-9605-207E288C6171}.Debug|x64.Build.0 = Debug|x64
		{79301A0C-1F95-4FB0-9605-207E288C6171}.Release|AnyCPU.ActiveCfg = Release|AnyCPU
		{79301A0C-1F95-4FB0-9605-207E288C6171}.Release|AnyCPU.Build.0 = Release|AnyCPU
		{79301A0C-1F95-4FB0-9605-207E288C6171}.Release|x86.ActiveCfg = Release|x86
		{79301A0C-1F95-4FB0-9605-207E288C6171}.Release|x86.Build.0 = Release|x86
		{79301A0C-1F95-4FB0-9605-207E288C6171}.Release|ARM.ActiveCfg = Release|ARM
		{79301A0C-1F95-4FB0-9605-207E288C6171}.Release|ARM.Build.0 = Release|ARM
		{79301A0C-1F95-4FB0-9605-207E288C6171}.Release|x64.ActiveCfg = Release|x64
		{79301A0C-1F95-4FB0-9605-207E288C6171}.Release|x64.Build.0 = Release|x64
		{BD5D51E2-B11A-4356-9450-64566F8CDC38}.Debug|AnyCPU.ActiveCfg = Debug|AnyCPU
		{BD5D51E2-B11A-4356-9450-64566F8CDC38}.Debug|x86.ActiveCfg = Debug|x86
		{BD5D51E2-B11A-4356-9450-64566F8CDC38}.Debug|ARM.ActiveCfg = Debug|ARM
		{BD5D51E2-B11A-4356-9450-64566F8CDC38}.Debug|x64.ActiveCfg = Debug|x64
		{BD5D51E2-B11A-4356-9450-64566F8CDC38}.Release|AnyCPU.ActiveCfg = Release|AnyCPU
		{BD5D51E2-B11A-4356-9450-64566F8CDC38}.Release|x86.ActiveCfg = Release|x86
		{BD5D51E2-B11A-4356-9450-64566F8CDC38}.Release|ARM.ActiveCfg = Release|ARM
		{BD5D51E2-B11A-4356-9450-64566F8CDC38}.Release|x64.ActiveCfg = Release|x64
		{3AB69816-9882-4FA6-ABE5-C146199F5279}.Debug|AnyCPU.ActiveCfg = Debug|AnyCPU
		{3AB69816-9882-4FA6-ABE5-C146199F5279}.Debug|x86.ActiveCfg = Debug|x86
		{3AB69816-9882-4FA6-ABE5-C146199F5279}.Debug|ARM.ActiveCfg = Debug|ARM
		{3AB69816-9882-4FA6-ABE5-C146199F5279}.Debug|x64.ActiveCfg = Debug|x64
		{3AB69816-9882-4FA6-ABE5-C146199F5279}.Release|AnyCPU.ActiveCfg = Release|AnyCPU
		{3AB69816-9882-4FA6-ABE5-C146199F5279}.Release|x86.ActiveCfg = Release|x86
		{3AB69816-9882-4FA6-ABE5-C146199F5279}.Release|ARM.ActiveCfg = Release|ARM
		{3AB69816-9882-4FA6-ABE5-C146199F5279}.Release|x64.ActiveCfg = Release|x64
		{AB7AB88B-2370-43BF-844B-54D015DA9E57}.Debug|AnyCPU.ActiveCfg = Debug|AnyCPU
		{AB7AB88B-2370-43BF-844B-54D015DA9E57}.Debug|AnyCPU.Build.0 = Debug|AnyCPU
		{AB7AB88B-2370-43BF-844B-54D015DA9E57}.Debug|x86.ActiveCfg = Debug|x86
		{AB7AB88B-2370-43BF-844B-54D015DA9E57}.Debug|x86.Build.0 = Debug|x86
		{AB7AB88B-2370-43BF-844B-54D015DA9E57}.Debug|ARM.ActiveCfg = Debug|ARM
		{AB7AB88B-2370-43BF-844B-54D015DA9E57}.Debug|ARM.Build.0 = Debug|ARM
		{AB7AB88B-2370-43BF-844B-54D015DA9E57}.Debug|x64.ActiveCfg = Debug|x64
		{AB7AB88B-2370-43BF-844B-54D015DA9E57}.Debug|x64.Build.0 = Debug|x64
		{AB7AB88B-2370-43BF-844B-54D015DA9E57}.Release|AnyCPU.ActiveCfg = Release|AnyCPU
		{AB7AB88B-2370-43BF-844B-54D015DA9E57}.Release|AnyCPU.Build.0 = Release|AnyCPU
		{AB7AB88B-2370-43BF-844B-54D015DA9E57}.Release|x86.ActiveCfg = Release|x86
		{AB7AB88B-2370-43BF-844B-54D015DA9E57}.Release|x86.Build.0 = Release|x86
		{AB7AB88B-2370-43BF-844B-54D015DA9E57}.Release|ARM.ActiveCfg = Release|ARM
		{AB7AB88B-2370-43BF-844B-54D015DA9E57}.Release|ARM.Build.0 = Release|ARM
		{AB7AB88B-2370-43BF-844B-54D015DA9E57}.Release|x64.ActiveCfg = Release|x64
		{AB7AB88B-2370-43BF-844B-54D015DA9E57}.Release|x64.Build.0 = Release|x64
		{91B301FC-331E-48A7-803B-4CBE3FFF6ED7}.Debug|AnyCPU.ActiveCfg = Debug|AnyCPU
		{91B301FC-331E-48A7-803B-4CBE3FFF6ED7}.Debug|AnyCPU.Build.0 = Debug|AnyCPU
		{91B301FC-331E-48A7-803B-4CBE3FFF6ED7}.Debug|x86.ActiveCfg = Debug|x86
		{91B301FC-331E-48A7-803B-4CBE3FFF6ED7}.Debug|x86.Build.0 = Debug|x86
		{91B301FC-331E-48A7-803B-4CBE3FFF6ED7}.Debug|ARM.ActiveCfg = Debug|ARM
		{91B301FC-331E-48A7-803B-4CBE3FFF6ED7}.Debug|ARM.Build.0 = Debug|ARM
		{91B301FC-331E-48A7-803B-4CBE3FFF6ED7}.Debug|x64.ActiveCfg = Debug|x64
		{91B301FC-331E-48A7-803B-4CBE3FFF6ED7}.Debug|x64.Build.0 = Debug|x64
		{91B301FC-331E-48A7-803B-4CBE3FFF6ED7}.Release|AnyCPU.ActiveCfg = Release|AnyCPU
		{91B301FC-331E-48A7-803B-4CBE3FFF6ED7}.Release|AnyCPU.Build.0 = Release|AnyCPU
		{91B301FC-331E-48A7-803B-4CBE3FFF6ED7}.Release|x86.ActiveCfg = Release|x86
		{91B301FC-331E-48A7-803B-4CBE3FFF6ED7}.Release|x86.Build.0 = Release|x86
		{91B301FC-331E-48A7-803B-4CBE3FFF6ED7}.Release|ARM.ActiveCfg = Release|ARM
		{91B301FC-331E-48A7-803B-4CBE3FFF6ED7}.Release|ARM.Build.0 = Release|ARM
		{91B301FC-331E-48A7-803B-4CBE3FFF6ED7}.Release|x64.ActiveCfg = Release|x64
		{91B301FC-331E-48A7-803B-4CBE3FFF6ED7}.Release|x64.Build.0 = Release|x64
	EndGlobalSection
	GlobalSection(SolutionProperties) = preSolution
		HideSolutionNode = FALSE
	EndGlobalSection
EndGlobal